// !$*UTF8*$!
{
	archiveVersion = 1;
	classes = {
	};
	objectVersion = 46;
	objects = {

/* Begin PBXBuildFile section */
		083892BE1B2C7C0B4B8FE6CA /* Pods_DateAppUITests.framework in Frameworks */ = {isa = PBXBuildFile; fileRef = F740A630C1BC8004C25F7133 /* Pods_DateAppUITests.framework */; };
		2D2A5289B615F0BF70D252A9 /* Pods_DateApp.framework in Frameworks */ = {isa = PBXBuildFile; fileRef = 3D1924AD85E3C3F86B7D1873 /* Pods_DateApp.framework */; };
		8C0669931F1487E900132E14 /* UUDoubleSliderView.m in Sources */ = {isa = PBXBuildFile; fileRef = 8C0669921F1487E800132E14 /* UUDoubleSliderView.m */; };
		8C0669961F1AFC5800132E14 /* UILabelDeviceClass.m in Sources */ = {isa = PBXBuildFile; fileRef = 8C0669951F1AFC5800132E14 /* UILabelDeviceClass.m */; };
		8C071DD41F0B1EEF00900A42 /* UserLandingViewController.m in Sources */ = {isa = PBXBuildFile; fileRef = 8C071DD31F0B1EEF00900A42 /* UserLandingViewController.m */; };
		8C08FA151EA7115500A41FF5 /* DADateFormatter.m in Sources */ = {isa = PBXBuildFile; fileRef = 8C08FA141EA7115500A41FF5 /* DADateFormatter.m */; };
		8C0AF7491F5516D0005AA0FF /* LilyScriptOne-Regular.ttf in Resources */ = {isa = PBXBuildFile; fileRef = 8C0AF7481F5516D0005AA0FF /* LilyScriptOne-Regular.ttf */; };
		8C1146801E7CC069003AB594 /* PartingMessageViewController.m in Sources */ = {isa = PBXBuildFile; fileRef = 8C11467F1E7CC069003AB594 /* PartingMessageViewController.m */; };
		8C1146831E7D838C003AB594 /* NewMessageViewController.m in Sources */ = {isa = PBXBuildFile; fileRef = 8C1146821E7D838C003AB594 /* NewMessageViewController.m */; };
		8C1F8AE61FC0EFCE00D927D4 /* PhotoDownloader.m in Sources */ = {isa = PBXBuildFile; fileRef = 8C1F8AE51FC0EFCE00D927D4 /* PhotoDownloader.m */; };
		8C1F8AE91FC29F0400D927D4 /* TutorialViewController.m in Sources */ = {isa = PBXBuildFile; fileRef = 8C1F8AE81FC29F0400D927D4 /* TutorialViewController.m */; };
		8C1F8AEC1FC3AA1500D927D4 /* AlbumSelectionViewController.m in Sources */ = {isa = PBXBuildFile; fileRef = 8C1F8AEB1FC3AA1500D927D4 /* AlbumSelectionViewController.m */; };
		8C2BE3031DE018820042BE6B /* CERangeSliderTrackLayer.m in Sources */ = {isa = PBXBuildFile; fileRef = 8C2BE2FD1DE018820042BE6B /* CERangeSliderTrackLayer.m */; };
		8C2BE3041DE018820042BE6B /* CERangeSliderKnobLayer.m in Sources */ = {isa = PBXBuildFile; fileRef = 8C2BE2FF1DE018820042BE6B /* CERangeSliderKnobLayer.m */; };
		8C2BE3051DE018820042BE6B /* CERangeSlider.m in Sources */ = {isa = PBXBuildFile; fileRef = 8C2BE3011DE018820042BE6B /* CERangeSlider.m */; };
		8C2BE3081DE01A640042BE6B /* DistanceRangeSlider.m in Sources */ = {isa = PBXBuildFile; fileRef = 8C2BE3061DE01A640042BE6B /* DistanceRangeSlider.m */; };
		8C2BE30B1DE20C0E0042BE6B /* EditPhotosViewController.m in Sources */ = {isa = PBXBuildFile; fileRef = 8C2BE30A1DE20C0E0042BE6B /* EditPhotosViewController.m */; };
		8C2BE30E1DE5543E0042BE6B /* BioViewController.m in Sources */ = {isa = PBXBuildFile; fileRef = 8C2BE30D1DE5543E0042BE6B /* BioViewController.m */; };
		8C2BE3111DE554500042BE6B /* EduViewController.m in Sources */ = {isa = PBXBuildFile; fileRef = 8C2BE3101DE554500042BE6B /* EduViewController.m */; };
		8C2BE3141DE5549A0042BE6B /* OccupationViewController.m in Sources */ = {isa = PBXBuildFile; fileRef = 8C2BE3131DE5549A0042BE6B /* OccupationViewController.m */; };
		8C2BE3171DE55B030042BE6B /* DataAccess.m in Sources */ = {isa = PBXBuildFile; fileRef = 8C2BE3161DE55B030042BE6B /* DataAccess.m */; };
		8C2BE31A1DE693830042BE6B /* FBPhotosViewController.m in Sources */ = {isa = PBXBuildFile; fileRef = 8C2BE3191DE693830042BE6B /* FBPhotosViewController.m */; };
		8C2BE31D1DE693EB0042BE6B /* SinglePhotoViewController.m in Sources */ = {isa = PBXBuildFile; fileRef = 8C2BE31C1DE693EB0042BE6B /* SinglePhotoViewController.m */; };
		8C2BE3201DE9297E0042BE6B /* LoginViewController.m in Sources */ = {isa = PBXBuildFile; fileRef = 8C2BE31F1DE9297E0042BE6B /* LoginViewController.m */; };
		8C2BE3221DE930F00042BE6B /* FBSDKLoginKit.framework in Frameworks */ = {isa = PBXBuildFile; fileRef = 8C2BE3211DE930F00042BE6B /* FBSDKLoginKit.framework */; };
		8C2BE3241DE9342B0042BE6B /* FBSDKCoreKit.framework in Frameworks */ = {isa = PBXBuildFile; fileRef = 8C2BE3231DE9342B0042BE6B /* FBSDKCoreKit.framework */; };
		8C2BE3261DE938E10042BE6B /* Bolts.framework in Frameworks */ = {isa = PBXBuildFile; fileRef = 8C2BE3251DE938E10042BE6B /* Bolts.framework */; };
		8C2BE3291DEA3EA10042BE6B /* PhotoManager.m in Sources */ = {isa = PBXBuildFile; fileRef = 8C2BE3281DEA3EA10042BE6B /* PhotoManager.m */; };
		8C2BE32C1DEA3EE40042BE6B /* FBAlbumsViewController.m in Sources */ = {isa = PBXBuildFile; fileRef = 8C2BE32B1DEA3EE40042BE6B /* FBAlbumsViewController.m */; };
		8C2BE32F1DEA3FE30042BE6B /* AlbumTableViewCell.m in Sources */ = {isa = PBXBuildFile; fileRef = 8C2BE32E1DEA3FE30042BE6B /* AlbumTableViewCell.m */; };
		8C2CE0CD1DA1825300592566 /* AppDelegate.m in Sources */ = {isa = PBXBuildFile; fileRef = 8C2CE0CC1DA1825300592566 /* AppDelegate.m */; };
		8C2CE0EC1DA186D500592566 /* TFStyle.m in Sources */ = {isa = PBXBuildFile; fileRef = 8C2CE0E41DA186D500592566 /* TFStyle.m */; };
		8C2CE0F11DA2DC8B00592566 /* Main.storyboard in Resources */ = {isa = PBXBuildFile; fileRef = 8C2CE0F01DA2DC8A00592566 /* Main.storyboard */; };
		8C4117F91DD03E1000DBC38F /* TFHeartAnimationView.m in Sources */ = {isa = PBXBuildFile; fileRef = 8C4117F71DD03E1000DBC38F /* TFHeartAnimationView.m */; };
		8C4117FA1DD03E1000DBC38F /* TFHeartAnimationView.xib in Resources */ = {isa = PBXBuildFile; fileRef = 8C4117F81DD03E1000DBC38F /* TFHeartAnimationView.xib */; };
		8C5657AA1DD9639E0081D082 /* AlbumViewController.m in Sources */ = {isa = PBXBuildFile; fileRef = 8C5657A91DD9639E0081D082 /* AlbumViewController.m */; };
		8C5F0E141E8D70B300C799B4 /* DAServer.m in Sources */ = {isa = PBXBuildFile; fileRef = 8C5F0E131E8D70B300C799B4 /* DAServer.m */; };
		8C5F0E191E8F2F8200C799B4 /* MatchUser.m in Sources */ = {isa = PBXBuildFile; fileRef = 8C5F0E181E8F2F8200C799B4 /* MatchUser.m */; };
		8C5F0E1C1E8F30EE00C799B4 /* DAParser.m in Sources */ = {isa = PBXBuildFile; fileRef = 8C5F0E1B1E8F30EE00C799B4 /* DAParser.m */; };
		8C92D2671E32E1E40071A737 /* MyProfileTableViewCell.m in Sources */ = {isa = PBXBuildFile; fileRef = 8C92D2661E32E1E40071A737 /* MyProfileTableViewCell.m */; };
		8C9C19D71DD800DE0074A7D0 /* SettingsViewController.m in Sources */ = {isa = PBXBuildFile; fileRef = 8C9C19D61DD800DE0074A7D0 /* SettingsViewController.m */; };
		8C9C19DA1DD829680074A7D0 /* MyProfileViewController.m in Sources */ = {isa = PBXBuildFile; fileRef = 8C9C19D91DD829680074A7D0 /* MyProfileViewController.m */; };
		8C9C19DD1DD829890074A7D0 /* MenuViewController.m in Sources */ = {isa = PBXBuildFile; fileRef = 8C9C19DC1DD829890074A7D0 /* MenuViewController.m */; };
		8CA3447C1DD76C0200BFB36F /* PhotosCollectionViewCell.m in Sources */ = {isa = PBXBuildFile; fileRef = 8CA3447B1DD76C0200BFB36F /* PhotosCollectionViewCell.m */; };
		8CB05FFA1DD187F300EB7BB6 /* MatchViewController.m in Sources */ = {isa = PBXBuildFile; fileRef = 8CB05FF91DD187F300EB7BB6 /* MatchViewController.m */; };
		8CB0F1791E2DCED500E62A1C /* RootViewController.m in Sources */ = {isa = PBXBuildFile; fileRef = 8CB0F1781E2DCED500E62A1C /* RootViewController.m */; };
		8CC00FE41D9F2B1500BE487A /* main.m in Sources */ = {isa = PBXBuildFile; fileRef = 8CC00FE31D9F2B1500BE487A /* main.m */; };
		8CC00FEF1D9F2B1500BE487A /* Assets.xcassets in Resources */ = {isa = PBXBuildFile; fileRef = 8CC00FEE1D9F2B1500BE487A /* Assets.xcassets */; };
		8CC00FF21D9F2B1500BE487A /* LaunchScreen.storyboard in Resources */ = {isa = PBXBuildFile; fileRef = 8CC00FF01D9F2B1500BE487A /* LaunchScreen.storyboard */; };
		8CC00FFD1D9F2B1500BE487A /* DateAppTests.m in Sources */ = {isa = PBXBuildFile; fileRef = 8CC00FFC1D9F2B1500BE487A /* DateAppTests.m */; };
		8CC010081D9F2B1500BE487A /* DateAppUITests.m in Sources */ = {isa = PBXBuildFile; fileRef = 8CC010071D9F2B1500BE487A /* DateAppUITests.m */; };
		8CCA5E941FE39C1400AEE99F /* ScaledImage.m in Sources */ = {isa = PBXBuildFile; fileRef = 8CCA5E931FE39C1400AEE99F /* ScaledImage.m */; };
		8CCA5E971FF17DCE00AEE99F /* UIImage+Scale.m in Sources */ = {isa = PBXBuildFile; fileRef = 8CCA5E961FF17DCE00AEE99F /* UIImage+Scale.m */; };
		8CCBF4CD1E7470D400C202CB /* User.m in Sources */ = {isa = PBXBuildFile; fileRef = 8CCBF4CC1E7470D400C202CB /* User.m */; };
		8CCF3D9A1E42706500CC4750 /* CoreLocation.framework in Frameworks */ = {isa = PBXBuildFile; fileRef = 8CCF3D991E42706500CC4750 /* CoreLocation.framework */; };
		8CCF3D9D1E42735300CC4750 /* LocationManager.m in Sources */ = {isa = PBXBuildFile; fileRef = 8CCF3D9C1E42735300CC4750 /* LocationManager.m */; };
		8CCF830F1E91CB7F00C8CF9C /* DASocket.m in Sources */ = {isa = PBXBuildFile; fileRef = 8CCF830E1E91CB7F00C8CF9C /* DASocket.m */; };
		8CD2BD8B1E3EE65D00A293CE /* SettingsTableViewCell.m in Sources */ = {isa = PBXBuildFile; fileRef = 8CD2BD8A1E3EE65D00A293CE /* SettingsTableViewCell.m */; };
		8CE1D9221F0214680002A510 /* DAGradientColor.m in Sources */ = {isa = PBXBuildFile; fileRef = 8CE1D9211F0214680002A510 /* DAGradientColor.m */; };
		8CE1D9281F0355B00002A510 /* RooneyLF-Medium.otf in Resources */ = {isa = PBXBuildFile; fileRef = 8CE1D9231F0355B00002A510 /* RooneyLF-Medium.otf */; };
		8CE1D9291F0355B00002A510 /* RooneyLF-MediumItalic.otf in Resources */ = {isa = PBXBuildFile; fileRef = 8CE1D9241F0355B00002A510 /* RooneyLF-MediumItalic.otf */; };
		8CE1D92A1F0355B00002A510 /* RooneyLF-Regular.otf in Resources */ = {isa = PBXBuildFile; fileRef = 8CE1D9251F0355B00002A510 /* RooneyLF-Regular.otf */; };
		8CE1D92B1F0355B00002A510 /* RooneySansLF-Medium.otf in Resources */ = {isa = PBXBuildFile; fileRef = 8CE1D9261F0355B00002A510 /* RooneySansLF-Medium.otf */; };
		8CE1D92C1F0355B00002A510 /* RooneySansLF-Regular.otf in Resources */ = {isa = PBXBuildFile; fileRef = 8CE1D9271F0355B00002A510 /* RooneySansLF-Regular.otf */; };
		8CEB63941E58F9ED00F062A9 /* DraggableView.m in Sources */ = {isa = PBXBuildFile; fileRef = 8CEB638D1E58F9ED00F062A9 /* DraggableView.m */; };
		8CEB63951E58F9ED00F062A9 /* DraggableViewBackground.m in Sources */ = {isa = PBXBuildFile; fileRef = 8CEB638F1E58F9ED00F062A9 /* DraggableViewBackground.m */; };
		8CEB63961E58F9ED00F062A9 /* OverlayView.m in Sources */ = {isa = PBXBuildFile; fileRef = 8CEB63911E58F9ED00F062A9 /* OverlayView.m */; };
		8CEB63971E58F9ED00F062A9 /* SwipeViewController.m in Sources */ = {isa = PBXBuildFile; fileRef = 8CEB63931E58F9ED00F062A9 /* SwipeViewController.m */; };
		8CEB63991E5902A400F062A9 /* DraggableView.xib in Resources */ = {isa = PBXBuildFile; fileRef = 8CEB63981E5902A400F062A9 /* DraggableView.xib */; };
		8CEF36A01E2D97F10060CAF8 /* NSUserDefaults+DemoSettings.m in Sources */ = {isa = PBXBuildFile; fileRef = 8CEF369D1E2D97F10060CAF8 /* NSUserDefaults+DemoSettings.m */; };
		8CEF36A31E2D9B710060CAF8 /* MessageModelData.m in Sources */ = {isa = PBXBuildFile; fileRef = 8CEF36A21E2D9B710060CAF8 /* MessageModelData.m */; };
		8CEF3F1A1E3071DB00CC4485 /* MatchTableViewCell.m in Sources */ = {isa = PBXBuildFile; fileRef = 8CEF3F191E3071DB00CC4485 /* MatchTableViewCell.m */; };
		8CEF96991DCC3B1B004D76A7 /* ProfileViewController.m in Sources */ = {isa = PBXBuildFile; fileRef = 8CEF96981DCC3B1B004D76A7 /* ProfileViewController.m */; };
		8CF286111E9B3C0B005B94E9 /* Messages.m in Sources */ = {isa = PBXBuildFile; fileRef = 8CF286101E9B3C0B005B94E9 /* Messages.m */; };
		8CF62C7B1E1A069700BBAF0D /* NewMatchConflictViewController.m in Sources */ = {isa = PBXBuildFile; fileRef = 8CF62C7A1E1A069700BBAF0D /* NewMatchConflictViewController.m */; };
		8CF62C7E1E1E204000BBAF0D /* NewMatchViewController.m in Sources */ = {isa = PBXBuildFile; fileRef = 8CF62C7D1E1E204000BBAF0D /* NewMatchViewController.m */; };
		8CF62C8A1E22BE9400BBAF0D /* MessageViewController.m in Sources */ = {isa = PBXBuildFile; fileRef = 8CF62C891E22BE9400BBAF0D /* MessageViewController.m */; };
		CC29648E7A96B38ACF9690EA /* Pods_DateAppTests.framework in Frameworks */ = {isa = PBXBuildFile; fileRef = 63ED224D000AA38152CC6CF6 /* Pods_DateAppTests.framework */; };
/* End PBXBuildFile section */

/* Begin PBXContainerItemProxy section */
		8CC00FF91D9F2B1500BE487A /* PBXContainerItemProxy */ = {
			isa = PBXContainerItemProxy;
			containerPortal = 8CC00FD71D9F2B1500BE487A /* Project object */;
			proxyType = 1;
			remoteGlobalIDString = 8CC00FDE1D9F2B1500BE487A;
			remoteInfo = DateApp;
		};
		8CC010041D9F2B1500BE487A /* PBXContainerItemProxy */ = {
			isa = PBXContainerItemProxy;
			containerPortal = 8CC00FD71D9F2B1500BE487A /* Project object */;
			proxyType = 1;
			remoteGlobalIDString = 8CC00FDE1D9F2B1500BE487A;
			remoteInfo = DateApp;
		};
/* End PBXContainerItemProxy section */

/* Begin PBXFileReference section */
		0C400B4A7A4928C67125AFD3 /* Pods-DateAppUITests.debug.xcconfig */ = {isa = PBXFileReference; includeInIndex = 1; lastKnownFileType = text.xcconfig; name = "Pods-DateAppUITests.debug.xcconfig"; path = "Pods/Target Support Files/Pods-DateAppUITests/Pods-DateAppUITests.debug.xcconfig"; sourceTree = "<group>"; };
		0FC74B8171A9722D22AA37A2 /* Pods-DateAppTests.debug.xcconfig */ = {isa = PBXFileReference; includeInIndex = 1; lastKnownFileType = text.xcconfig; name = "Pods-DateAppTests.debug.xcconfig"; path = "Pods/Target Support Files/Pods-DateAppTests/Pods-DateAppTests.debug.xcconfig"; sourceTree = "<group>"; };
		26801776E41C9C039E02478D /* Pods-DateApp.debug.xcconfig */ = {isa = PBXFileReference; includeInIndex = 1; lastKnownFileType = text.xcconfig; name = "Pods-DateApp.debug.xcconfig"; path = "Pods/Target Support Files/Pods-DateApp/Pods-DateApp.debug.xcconfig"; sourceTree = "<group>"; };
		3D1924AD85E3C3F86B7D1873 /* Pods_DateApp.framework */ = {isa = PBXFileReference; explicitFileType = wrapper.framework; includeInIndex = 0; path = Pods_DateApp.framework; sourceTree = BUILT_PRODUCTS_DIR; };
		49D3692E1F2124EE979A39D8 /* Pods-DateApp.release.xcconfig */ = {isa = PBXFileReference; includeInIndex = 1; lastKnownFileType = text.xcconfig; name = "Pods-DateApp.release.xcconfig"; path = "Pods/Target Support Files/Pods-DateApp/Pods-DateApp.release.xcconfig"; sourceTree = "<group>"; };
		63ED224D000AA38152CC6CF6 /* Pods_DateAppTests.framework */ = {isa = PBXFileReference; explicitFileType = wrapper.framework; includeInIndex = 0; path = Pods_DateAppTests.framework; sourceTree = BUILT_PRODUCTS_DIR; };
		830DA662B3856B06FBEB2070 /* Pods-DateAppUITests.release.xcconfig */ = {isa = PBXFileReference; includeInIndex = 1; lastKnownFileType = text.xcconfig; name = "Pods-DateAppUITests.release.xcconfig"; path = "Pods/Target Support Files/Pods-DateAppUITests/Pods-DateAppUITests.release.xcconfig"; sourceTree = "<group>"; };
		8C0669911F1487E800132E14 /* UUDoubleSliderView.h */ = {isa = PBXFileReference; fileEncoding = 4; lastKnownFileType = sourcecode.c.h; path = UUDoubleSliderView.h; sourceTree = "<group>"; };
		8C0669921F1487E800132E14 /* UUDoubleSliderView.m */ = {isa = PBXFileReference; fileEncoding = 4; lastKnownFileType = sourcecode.c.objc; path = UUDoubleSliderView.m; sourceTree = "<group>"; };
		8C0669941F1AFC5800132E14 /* UILabelDeviceClass.h */ = {isa = PBXFileReference; fileEncoding = 4; lastKnownFileType = sourcecode.c.h; path = UILabelDeviceClass.h; sourceTree = "<group>"; };
		8C0669951F1AFC5800132E14 /* UILabelDeviceClass.m */ = {isa = PBXFileReference; fileEncoding = 4; lastKnownFileType = sourcecode.c.objc; path = UILabelDeviceClass.m; sourceTree = "<group>"; };
		8C071DD21F0B1EEF00900A42 /* UserLandingViewController.h */ = {isa = PBXFileReference; fileEncoding = 4; lastKnownFileType = sourcecode.c.h; path = UserLandingViewController.h; sourceTree = "<group>"; };
		8C071DD31F0B1EEF00900A42 /* UserLandingViewController.m */ = {isa = PBXFileReference; fileEncoding = 4; lastKnownFileType = sourcecode.c.objc; path = UserLandingViewController.m; sourceTree = "<group>"; };
		8C08FA131EA7115500A41FF5 /* DADateFormatter.h */ = {isa = PBXFileReference; fileEncoding = 4; lastKnownFileType = sourcecode.c.h; name = DADateFormatter.h; path = ../DADateFormatter.h; sourceTree = "<group>"; };
		8C08FA141EA7115500A41FF5 /* DADateFormatter.m */ = {isa = PBXFileReference; fileEncoding = 4; lastKnownFileType = sourcecode.c.objc; name = DADateFormatter.m; path = ../DADateFormatter.m; sourceTree = "<group>"; };
		8C0AF7481F5516D0005AA0FF /* LilyScriptOne-Regular.ttf */ = {isa = PBXFileReference; lastKnownFileType = file; path = "LilyScriptOne-Regular.ttf"; sourceTree = "<group>"; };
		8C11467E1E7CC069003AB594 /* PartingMessageViewController.h */ = {isa = PBXFileReference; fileEncoding = 4; lastKnownFileType = sourcecode.c.h; path = PartingMessageViewController.h; sourceTree = "<group>"; };
		8C11467F1E7CC069003AB594 /* PartingMessageViewController.m */ = {isa = PBXFileReference; fileEncoding = 4; lastKnownFileType = sourcecode.c.objc; path = PartingMessageViewController.m; sourceTree = "<group>"; };
		8C1146811E7D838C003AB594 /* NewMessageViewController.h */ = {isa = PBXFileReference; fileEncoding = 4; lastKnownFileType = sourcecode.c.h; path = NewMessageViewController.h; sourceTree = "<group>"; };
		8C1146821E7D838C003AB594 /* NewMessageViewController.m */ = {isa = PBXFileReference; fileEncoding = 4; lastKnownFileType = sourcecode.c.objc; path = NewMessageViewController.m; sourceTree = "<group>"; };
		8C1F8AE41FC0EFCE00D927D4 /* PhotoDownloader.h */ = {isa = PBXFileReference; fileEncoding = 4; lastKnownFileType = sourcecode.c.h; path = PhotoDownloader.h; sourceTree = "<group>"; };
		8C1F8AE51FC0EFCE00D927D4 /* PhotoDownloader.m */ = {isa = PBXFileReference; fileEncoding = 4; lastKnownFileType = sourcecode.c.objc; path = PhotoDownloader.m; sourceTree = "<group>"; };
		8C1F8AE71FC29F0400D927D4 /* TutorialViewController.h */ = {isa = PBXFileReference; fileEncoding = 4; lastKnownFileType = sourcecode.c.h; path = TutorialViewController.h; sourceTree = "<group>"; };
		8C1F8AE81FC29F0400D927D4 /* TutorialViewController.m */ = {isa = PBXFileReference; fileEncoding = 4; lastKnownFileType = sourcecode.c.objc; path = TutorialViewController.m; sourceTree = "<group>"; };
		8C1F8AEA1FC3AA1500D927D4 /* AlbumSelectionViewController.h */ = {isa = PBXFileReference; fileEncoding = 4; lastKnownFileType = sourcecode.c.h; path = AlbumSelectionViewController.h; sourceTree = "<group>"; };
		8C1F8AEB1FC3AA1500D927D4 /* AlbumSelectionViewController.m */ = {isa = PBXFileReference; fileEncoding = 4; lastKnownFileType = sourcecode.c.objc; path = AlbumSelectionViewController.m; sourceTree = "<group>"; };
		8C2BE2FD1DE018820042BE6B /* CERangeSliderTrackLayer.m */ = {isa = PBXFileReference; fileEncoding = 4; lastKnownFileType = sourcecode.c.objc; path = CERangeSliderTrackLayer.m; sourceTree = "<group>"; };
		8C2BE2FE1DE018820042BE6B /* CERangeSliderTrackLayer.h */ = {isa = PBXFileReference; fileEncoding = 4; lastKnownFileType = sourcecode.c.h; path = CERangeSliderTrackLayer.h; sourceTree = "<group>"; };
		8C2BE2FF1DE018820042BE6B /* CERangeSliderKnobLayer.m */ = {isa = PBXFileReference; fileEncoding = 4; lastKnownFileType = sourcecode.c.objc; path = CERangeSliderKnobLayer.m; sourceTree = "<group>"; };
		8C2BE3001DE018820042BE6B /* CERangeSliderKnobLayer.h */ = {isa = PBXFileReference; fileEncoding = 4; lastKnownFileType = sourcecode.c.h; path = CERangeSliderKnobLayer.h; sourceTree = "<group>"; };
		8C2BE3011DE018820042BE6B /* CERangeSlider.m */ = {isa = PBXFileReference; fileEncoding = 4; lastKnownFileType = sourcecode.c.objc; path = CERangeSlider.m; sourceTree = "<group>"; };
		8C2BE3021DE018820042BE6B /* CERangeSlider.h */ = {isa = PBXFileReference; fileEncoding = 4; lastKnownFileType = sourcecode.c.h; path = CERangeSlider.h; sourceTree = "<group>"; };
		8C2BE3061DE01A640042BE6B /* DistanceRangeSlider.m */ = {isa = PBXFileReference; fileEncoding = 4; lastKnownFileType = sourcecode.c.objc; path = DistanceRangeSlider.m; sourceTree = "<group>"; };
		8C2BE3071DE01A640042BE6B /* DistanceRangeSlider.h */ = {isa = PBXFileReference; fileEncoding = 4; lastKnownFileType = sourcecode.c.h; path = DistanceRangeSlider.h; sourceTree = "<group>"; };
		8C2BE3091DE20C0E0042BE6B /* EditPhotosViewController.h */ = {isa = PBXFileReference; fileEncoding = 4; lastKnownFileType = sourcecode.c.h; path = EditPhotosViewController.h; sourceTree = "<group>"; };
		8C2BE30A1DE20C0E0042BE6B /* EditPhotosViewController.m */ = {isa = PBXFileReference; fileEncoding = 4; lastKnownFileType = sourcecode.c.objc; path = EditPhotosViewController.m; sourceTree = "<group>"; };
		8C2BE30C1DE5543E0042BE6B /* BioViewController.h */ = {isa = PBXFileReference; fileEncoding = 4; lastKnownFileType = sourcecode.c.h; path = BioViewController.h; sourceTree = "<group>"; };
		8C2BE30D1DE5543E0042BE6B /* BioViewController.m */ = {isa = PBXFileReference; fileEncoding = 4; lastKnownFileType = sourcecode.c.objc; path = BioViewController.m; sourceTree = "<group>"; };
		8C2BE30F1DE554500042BE6B /* EduViewController.h */ = {isa = PBXFileReference; fileEncoding = 4; lastKnownFileType = sourcecode.c.h; path = EduViewController.h; sourceTree = "<group>"; };
		8C2BE3101DE554500042BE6B /* EduViewController.m */ = {isa = PBXFileReference; fileEncoding = 4; lastKnownFileType = sourcecode.c.objc; path = EduViewController.m; sourceTree = "<group>"; };
		8C2BE3121DE5549A0042BE6B /* OccupationViewController.h */ = {isa = PBXFileReference; fileEncoding = 4; lastKnownFileType = sourcecode.c.h; path = OccupationViewController.h; sourceTree = "<group>"; };
		8C2BE3131DE5549A0042BE6B /* OccupationViewController.m */ = {isa = PBXFileReference; fileEncoding = 4; lastKnownFileType = sourcecode.c.objc; path = OccupationViewController.m; sourceTree = "<group>"; };
		8C2BE3151DE55B030042BE6B /* DataAccess.h */ = {isa = PBXFileReference; fileEncoding = 4; lastKnownFileType = sourcecode.c.h; path = DataAccess.h; sourceTree = "<group>"; };
		8C2BE3161DE55B030042BE6B /* DataAccess.m */ = {isa = PBXFileReference; fileEncoding = 4; lastKnownFileType = sourcecode.c.objc; path = DataAccess.m; sourceTree = "<group>"; };
		8C2BE3181DE693830042BE6B /* FBPhotosViewController.h */ = {isa = PBXFileReference; fileEncoding = 4; lastKnownFileType = sourcecode.c.h; path = FBPhotosViewController.h; sourceTree = "<group>"; };
		8C2BE3191DE693830042BE6B /* FBPhotosViewController.m */ = {isa = PBXFileReference; fileEncoding = 4; lastKnownFileType = sourcecode.c.objc; path = FBPhotosViewController.m; sourceTree = "<group>"; };
		8C2BE31B1DE693EB0042BE6B /* SinglePhotoViewController.h */ = {isa = PBXFileReference; fileEncoding = 4; lastKnownFileType = sourcecode.c.h; path = SinglePhotoViewController.h; sourceTree = "<group>"; };
		8C2BE31C1DE693EB0042BE6B /* SinglePhotoViewController.m */ = {isa = PBXFileReference; fileEncoding = 4; lastKnownFileType = sourcecode.c.objc; path = SinglePhotoViewController.m; sourceTree = "<group>"; };
		8C2BE31E1DE9297E0042BE6B /* LoginViewController.h */ = {isa = PBXFileReference; fileEncoding = 4; lastKnownFileType = sourcecode.c.h; path = LoginViewController.h; sourceTree = "<group>"; };
		8C2BE31F1DE9297E0042BE6B /* LoginViewController.m */ = {isa = PBXFileReference; fileEncoding = 4; lastKnownFileType = sourcecode.c.objc; path = LoginViewController.m; sourceTree = "<group>"; };
		8C2BE3211DE930F00042BE6B /* FBSDKLoginKit.framework */ = {isa = PBXFileReference; lastKnownFileType = wrapper.framework; path = FBSDKLoginKit.framework; sourceTree = "<group>"; };
		8C2BE3231DE9342B0042BE6B /* FBSDKCoreKit.framework */ = {isa = PBXFileReference; lastKnownFileType = wrapper.framework; path = FBSDKCoreKit.framework; sourceTree = "<group>"; };
		8C2BE3251DE938E10042BE6B /* Bolts.framework */ = {isa = PBXFileReference; lastKnownFileType = wrapper.framework; path = Bolts.framework; sourceTree = "<group>"; };
		8C2BE3271DEA3EA10042BE6B /* PhotoManager.h */ = {isa = PBXFileReference; fileEncoding = 4; lastKnownFileType = sourcecode.c.h; path = PhotoManager.h; sourceTree = "<group>"; };
		8C2BE3281DEA3EA10042BE6B /* PhotoManager.m */ = {isa = PBXFileReference; fileEncoding = 4; lastKnownFileType = sourcecode.c.objc; path = PhotoManager.m; sourceTree = "<group>"; };
		8C2BE32A1DEA3EE40042BE6B /* FBAlbumsViewController.h */ = {isa = PBXFileReference; fileEncoding = 4; lastKnownFileType = sourcecode.c.h; path = FBAlbumsViewController.h; sourceTree = "<group>"; };
		8C2BE32B1DEA3EE40042BE6B /* FBAlbumsViewController.m */ = {isa = PBXFileReference; fileEncoding = 4; lastKnownFileType = sourcecode.c.objc; path = FBAlbumsViewController.m; sourceTree = "<group>"; };
		8C2BE32D1DEA3FE30042BE6B /* AlbumTableViewCell.h */ = {isa = PBXFileReference; fileEncoding = 4; lastKnownFileType = sourcecode.c.h; path = AlbumTableViewCell.h; sourceTree = "<group>"; };
		8C2BE32E1DEA3FE30042BE6B /* AlbumTableViewCell.m */ = {isa = PBXFileReference; fileEncoding = 4; lastKnownFileType = sourcecode.c.objc; path = AlbumTableViewCell.m; sourceTree = "<group>"; };
		8C2CE0CC1DA1825300592566 /* AppDelegate.m */ = {isa = PBXFileReference; fileEncoding = 4; lastKnownFileType = sourcecode.c.objc; path = AppDelegate.m; sourceTree = "<group>"; };
		8C2CE0D81DA186D500592566 /* TFConstants.h */ = {isa = PBXFileReference; fileEncoding = 4; lastKnownFileType = sourcecode.c.h; path = TFConstants.h; sourceTree = "<group>"; };
		8C2CE0E31DA186D500592566 /* TFStyle.h */ = {isa = PBXFileReference; fileEncoding = 4; lastKnownFileType = sourcecode.c.h; path = TFStyle.h; sourceTree = "<group>"; };
		8C2CE0E41DA186D500592566 /* TFStyle.m */ = {isa = PBXFileReference; fileEncoding = 4; lastKnownFileType = sourcecode.c.objc; path = TFStyle.m; sourceTree = "<group>"; };
		8C2CE0F01DA2DC8A00592566 /* Main.storyboard */ = {isa = PBXFileReference; fileEncoding = 4; lastKnownFileType = file.storyboard; path = Main.storyboard; sourceTree = "<group>"; };
		8C4117F61DD03E1000DBC38F /* TFHeartAnimationView.h */ = {isa = PBXFileReference; fileEncoding = 4; lastKnownFileType = sourcecode.c.h; path = TFHeartAnimationView.h; sourceTree = "<group>"; };
		8C4117F71DD03E1000DBC38F /* TFHeartAnimationView.m */ = {isa = PBXFileReference; fileEncoding = 4; lastKnownFileType = sourcecode.c.objc; path = TFHeartAnimationView.m; sourceTree = "<group>"; };
		8C4117F81DD03E1000DBC38F /* TFHeartAnimationView.xib */ = {isa = PBXFileReference; fileEncoding = 4; lastKnownFileType = file.xib; path = TFHeartAnimationView.xib; sourceTree = "<group>"; };
		8C5657A81DD9639E0081D082 /* AlbumViewController.h */ = {isa = PBXFileReference; fileEncoding = 4; lastKnownFileType = sourcecode.c.h; path = AlbumViewController.h; sourceTree = "<group>"; };
		8C5657A91DD9639E0081D082 /* AlbumViewController.m */ = {isa = PBXFileReference; fileEncoding = 4; lastKnownFileType = sourcecode.c.objc; path = AlbumViewController.m; sourceTree = "<group>"; };
		8C5F0E081E88749200C799B4 /* DateApp.entitlements */ = {isa = PBXFileReference; lastKnownFileType = text.plist.entitlements; path = DateApp.entitlements; sourceTree = "<group>"; };
		8C5F0E121E8D70B300C799B4 /* DAServer.h */ = {isa = PBXFileReference; fileEncoding = 4; lastKnownFileType = sourcecode.c.h; path = DAServer.h; sourceTree = "<group>"; };
		8C5F0E131E8D70B300C799B4 /* DAServer.m */ = {isa = PBXFileReference; fileEncoding = 4; lastKnownFileType = sourcecode.c.objc; path = DAServer.m; sourceTree = "<group>"; };
		8C5F0E171E8F2F8200C799B4 /* MatchUser.h */ = {isa = PBXFileReference; fileEncoding = 4; lastKnownFileType = sourcecode.c.h; path = MatchUser.h; sourceTree = "<group>"; };
		8C5F0E181E8F2F8200C799B4 /* MatchUser.m */ = {isa = PBXFileReference; fileEncoding = 4; lastKnownFileType = sourcecode.c.objc; path = MatchUser.m; sourceTree = "<group>"; };
		8C5F0E1A1E8F30EE00C799B4 /* DAParser.h */ = {isa = PBXFileReference; fileEncoding = 4; lastKnownFileType = sourcecode.c.h; path = DAParser.h; sourceTree = "<group>"; };
		8C5F0E1B1E8F30EE00C799B4 /* DAParser.m */ = {isa = PBXFileReference; fileEncoding = 4; lastKnownFileType = sourcecode.c.objc; path = DAParser.m; sourceTree = "<group>"; };
		8C92D2651E32E1E40071A737 /* MyProfileTableViewCell.h */ = {isa = PBXFileReference; fileEncoding = 4; lastKnownFileType = sourcecode.c.h; path = MyProfileTableViewCell.h; sourceTree = "<group>"; };
		8C92D2661E32E1E40071A737 /* MyProfileTableViewCell.m */ = {isa = PBXFileReference; fileEncoding = 4; lastKnownFileType = sourcecode.c.objc; path = MyProfileTableViewCell.m; sourceTree = "<group>"; };
		8C9C19D51DD800DE0074A7D0 /* SettingsViewController.h */ = {isa = PBXFileReference; fileEncoding = 4; lastKnownFileType = sourcecode.c.h; path = SettingsViewController.h; sourceTree = "<group>"; };
		8C9C19D61DD800DE0074A7D0 /* SettingsViewController.m */ = {isa = PBXFileReference; fileEncoding = 4; lastKnownFileType = sourcecode.c.objc; path = SettingsViewController.m; sourceTree = "<group>"; };
		8C9C19D81DD829680074A7D0 /* MyProfileViewController.h */ = {isa = PBXFileReference; fileEncoding = 4; lastKnownFileType = sourcecode.c.h; path = MyProfileViewController.h; sourceTree = "<group>"; };
		8C9C19D91DD829680074A7D0 /* MyProfileViewController.m */ = {isa = PBXFileReference; fileEncoding = 4; lastKnownFileType = sourcecode.c.objc; path = MyProfileViewController.m; sourceTree = "<group>"; };
		8C9C19DB1DD829890074A7D0 /* MenuViewController.h */ = {isa = PBXFileReference; fileEncoding = 4; lastKnownFileType = sourcecode.c.h; path = MenuViewController.h; sourceTree = "<group>"; };
		8C9C19DC1DD829890074A7D0 /* MenuViewController.m */ = {isa = PBXFileReference; fileEncoding = 4; lastKnownFileType = sourcecode.c.objc; path = MenuViewController.m; sourceTree = "<group>"; };
		8CA3447A1DD76C0200BFB36F /* PhotosCollectionViewCell.h */ = {isa = PBXFileReference; fileEncoding = 4; lastKnownFileType = sourcecode.c.h; path = PhotosCollectionViewCell.h; sourceTree = "<group>"; };
		8CA3447B1DD76C0200BFB36F /* PhotosCollectionViewCell.m */ = {isa = PBXFileReference; fileEncoding = 4; lastKnownFileType = sourcecode.c.objc; path = PhotosCollectionViewCell.m; sourceTree = "<group>"; };
		8CB05FF51DD175AB00EB7BB6 /* RootViewController.h */ = {isa = PBXFileReference; fileEncoding = 4; lastKnownFileType = sourcecode.c.h; path = RootViewController.h; sourceTree = "<group>"; };
		8CB05FF81DD187F300EB7BB6 /* MatchViewController.h */ = {isa = PBXFileReference; fileEncoding = 4; lastKnownFileType = sourcecode.c.h; path = MatchViewController.h; sourceTree = "<group>"; };
		8CB05FF91DD187F300EB7BB6 /* MatchViewController.m */ = {isa = PBXFileReference; fileEncoding = 4; lastKnownFileType = sourcecode.c.objc; path = MatchViewController.m; sourceTree = "<group>"; };
		8CB0F1781E2DCED500E62A1C /* RootViewController.m */ = {isa = PBXFileReference; fileEncoding = 4; lastKnownFileType = sourcecode.c.objc; path = RootViewController.m; sourceTree = "<group>"; };
		8CC00FDF1D9F2B1500BE487A /* DateApp.app */ = {isa = PBXFileReference; explicitFileType = wrapper.application; includeInIndex = 0; path = DateApp.app; sourceTree = BUILT_PRODUCTS_DIR; };
		8CC00FE31D9F2B1500BE487A /* main.m */ = {isa = PBXFileReference; lastKnownFileType = sourcecode.c.objc; path = main.m; sourceTree = "<group>"; };
		8CC00FE51D9F2B1500BE487A /* AppDelegate.h */ = {isa = PBXFileReference; lastKnownFileType = sourcecode.c.h; path = AppDelegate.h; sourceTree = "<group>"; };
		8CC00FEE1D9F2B1500BE487A /* Assets.xcassets */ = {isa = PBXFileReference; lastKnownFileType = folder.assetcatalog; path = Assets.xcassets; sourceTree = "<group>"; };
		8CC00FF11D9F2B1500BE487A /* Base */ = {isa = PBXFileReference; lastKnownFileType = file.storyboard; name = Base; path = Base.lproj/LaunchScreen.storyboard; sourceTree = "<group>"; };
		8CC00FF31D9F2B1500BE487A /* Info.plist */ = {isa = PBXFileReference; lastKnownFileType = text.plist.xml; path = Info.plist; sourceTree = "<group>"; };
		8CC00FF81D9F2B1500BE487A /* DateAppTests.xctest */ = {isa = PBXFileReference; explicitFileType = wrapper.cfbundle; includeInIndex = 0; path = DateAppTests.xctest; sourceTree = BUILT_PRODUCTS_DIR; };
		8CC00FFC1D9F2B1500BE487A /* DateAppTests.m */ = {isa = PBXFileReference; lastKnownFileType = sourcecode.c.objc; path = DateAppTests.m; sourceTree = "<group>"; };
		8CC00FFE1D9F2B1500BE487A /* Info.plist */ = {isa = PBXFileReference; lastKnownFileType = text.plist.xml; path = Info.plist; sourceTree = "<group>"; };
		8CC010031D9F2B1500BE487A /* DateAppUITests.xctest */ = {isa = PBXFileReference; explicitFileType = wrapper.cfbundle; includeInIndex = 0; path = DateAppUITests.xctest; sourceTree = BUILT_PRODUCTS_DIR; };
		8CC010071D9F2B1500BE487A /* DateAppUITests.m */ = {isa = PBXFileReference; lastKnownFileType = sourcecode.c.objc; path = DateAppUITests.m; sourceTree = "<group>"; };
		8CC010091D9F2B1500BE487A /* Info.plist */ = {isa = PBXFileReference; lastKnownFileType = text.plist.xml; path = Info.plist; sourceTree = "<group>"; };
		8CCA5E921FE39C1400AEE99F /* ScaledImage.h */ = {isa = PBXFileReference; lastKnownFileType = sourcecode.c.h; path = ScaledImage.h; sourceTree = "<group>"; };
		8CCA5E931FE39C1400AEE99F /* ScaledImage.m */ = {isa = PBXFileReference; lastKnownFileType = sourcecode.c.objc; path = ScaledImage.m; sourceTree = "<group>"; };
		8CCA5E951FF17DCE00AEE99F /* UIImage+Scale.h */ = {isa = PBXFileReference; lastKnownFileType = sourcecode.c.h; path = "UIImage+Scale.h"; sourceTree = "<group>"; };
		8CCA5E961FF17DCE00AEE99F /* UIImage+Scale.m */ = {isa = PBXFileReference; lastKnownFileType = sourcecode.c.objc; path = "UIImage+Scale.m"; sourceTree = "<group>"; };
		8CCBF4CB1E7470D400C202CB /* User.h */ = {isa = PBXFileReference; fileEncoding = 4; lastKnownFileType = sourcecode.c.h; path = User.h; sourceTree = "<group>"; };
		8CCBF4CC1E7470D400C202CB /* User.m */ = {isa = PBXFileReference; fileEncoding = 4; lastKnownFileType = sourcecode.c.objc; path = User.m; sourceTree = "<group>"; };
		8CCF3D991E42706500CC4750 /* CoreLocation.framework */ = {isa = PBXFileReference; lastKnownFileType = wrapper.framework; name = CoreLocation.framework; path = System/Library/Frameworks/CoreLocation.framework; sourceTree = SDKROOT; };
		8CCF3D9B1E42735300CC4750 /* LocationManager.h */ = {isa = PBXFileReference; fileEncoding = 4; lastKnownFileType = sourcecode.c.h; path = LocationManager.h; sourceTree = "<group>"; };
		8CCF3D9C1E42735300CC4750 /* LocationManager.m */ = {isa = PBXFileReference; fileEncoding = 4; lastKnownFileType = sourcecode.c.objc; path = LocationManager.m; sourceTree = "<group>"; };
		8CCF830D1E91CB7F00C8CF9C /* DASocket.h */ = {isa = PBXFileReference; fileEncoding = 4; lastKnownFileType = sourcecode.c.h; path = DASocket.h; sourceTree = "<group>"; };
		8CCF830E1E91CB7F00C8CF9C /* DASocket.m */ = {isa = PBXFileReference; fileEncoding = 4; lastKnownFileType = sourcecode.c.objc; path = DASocket.m; sourceTree = "<group>"; };
		8CD2BD891E3EE65D00A293CE /* SettingsTableViewCell.h */ = {isa = PBXFileReference; fileEncoding = 4; lastKnownFileType = sourcecode.c.h; path = SettingsTableViewCell.h; sourceTree = "<group>"; };
		8CD2BD8A1E3EE65D00A293CE /* SettingsTableViewCell.m */ = {isa = PBXFileReference; fileEncoding = 4; lastKnownFileType = sourcecode.c.objc; path = SettingsTableViewCell.m; sourceTree = "<group>"; };
		8CE1D9201F0214680002A510 /* DAGradientColor.h */ = {isa = PBXFileReference; fileEncoding = 4; lastKnownFileType = sourcecode.c.h; path = DAGradientColor.h; sourceTree = "<group>"; };
		8CE1D9211F0214680002A510 /* DAGradientColor.m */ = {isa = PBXFileReference; fileEncoding = 4; lastKnownFileType = sourcecode.c.objc; path = DAGradientColor.m; sourceTree = "<group>"; };
		8CE1D9231F0355B00002A510 /* RooneyLF-Medium.otf */ = {isa = PBXFileReference; lastKnownFileType = file; path = "RooneyLF-Medium.otf"; sourceTree = "<group>"; };
		8CE1D9241F0355B00002A510 /* RooneyLF-MediumItalic.otf */ = {isa = PBXFileReference; lastKnownFileType = file; path = "RooneyLF-MediumItalic.otf"; sourceTree = "<group>"; };
		8CE1D9251F0355B00002A510 /* RooneyLF-Regular.otf */ = {isa = PBXFileReference; lastKnownFileType = file; path = "RooneyLF-Regular.otf"; sourceTree = "<group>"; };
		8CE1D9261F0355B00002A510 /* RooneySansLF-Medium.otf */ = {isa = PBXFileReference; lastKnownFileType = file; path = "RooneySansLF-Medium.otf"; sourceTree = "<group>"; };
		8CE1D9271F0355B00002A510 /* RooneySansLF-Regular.otf */ = {isa = PBXFileReference; lastKnownFileType = file; path = "RooneySansLF-Regular.otf"; sourceTree = "<group>"; };
		8CEB638C1E58F9ED00F062A9 /* DraggableView.h */ = {isa = PBXFileReference; fileEncoding = 4; lastKnownFileType = sourcecode.c.h; path = DraggableView.h; sourceTree = "<group>"; };
		8CEB638D1E58F9ED00F062A9 /* DraggableView.m */ = {isa = PBXFileReference; fileEncoding = 4; lastKnownFileType = sourcecode.c.objc; path = DraggableView.m; sourceTree = "<group>"; };
		8CEB638E1E58F9ED00F062A9 /* DraggableViewBackground.h */ = {isa = PBXFileReference; fileEncoding = 4; lastKnownFileType = sourcecode.c.h; path = DraggableViewBackground.h; sourceTree = "<group>"; };
		8CEB638F1E58F9ED00F062A9 /* DraggableViewBackground.m */ = {isa = PBXFileReference; fileEncoding = 4; lastKnownFileType = sourcecode.c.objc; path = DraggableViewBackground.m; sourceTree = "<group>"; };
		8CEB63901E58F9ED00F062A9 /* OverlayView.h */ = {isa = PBXFileReference; fileEncoding = 4; lastKnownFileType = sourcecode.c.h; path = OverlayView.h; sourceTree = "<group>"; };
		8CEB63911E58F9ED00F062A9 /* OverlayView.m */ = {isa = PBXFileReference; fileEncoding = 4; lastKnownFileType = sourcecode.c.objc; path = OverlayView.m; sourceTree = "<group>"; };
		8CEB63921E58F9ED00F062A9 /* SwipeViewController.h */ = {isa = PBXFileReference; fileEncoding = 4; lastKnownFileType = sourcecode.c.h; path = SwipeViewController.h; sourceTree = "<group>"; };
		8CEB63931E58F9ED00F062A9 /* SwipeViewController.m */ = {isa = PBXFileReference; fileEncoding = 4; lastKnownFileType = sourcecode.c.objc; path = SwipeViewController.m; sourceTree = "<group>"; };
		8CEB63981E5902A400F062A9 /* DraggableView.xib */ = {isa = PBXFileReference; fileEncoding = 4; lastKnownFileType = file.xib; path = DraggableView.xib; sourceTree = "<group>"; };
		8CEF369C1E2D97F10060CAF8 /* NSUserDefaults+DemoSettings.h */ = {isa = PBXFileReference; fileEncoding = 4; lastKnownFileType = sourcecode.c.h; path = "NSUserDefaults+DemoSettings.h"; sourceTree = "<group>"; };
		8CEF369D1E2D97F10060CAF8 /* NSUserDefaults+DemoSettings.m */ = {isa = PBXFileReference; fileEncoding = 4; lastKnownFileType = sourcecode.c.objc; path = "NSUserDefaults+DemoSettings.m"; sourceTree = "<group>"; };
		8CEF36A11E2D9B710060CAF8 /* MessageModelData.h */ = {isa = PBXFileReference; fileEncoding = 4; lastKnownFileType = sourcecode.c.h; path = MessageModelData.h; sourceTree = "<group>"; };
		8CEF36A21E2D9B710060CAF8 /* MessageModelData.m */ = {isa = PBXFileReference; fileEncoding = 4; lastKnownFileType = sourcecode.c.objc; path = MessageModelData.m; sourceTree = "<group>"; };
		8CEF3F181E3071DB00CC4485 /* MatchTableViewCell.h */ = {isa = PBXFileReference; fileEncoding = 4; lastKnownFileType = sourcecode.c.h; path = MatchTableViewCell.h; sourceTree = "<group>"; };
		8CEF3F191E3071DB00CC4485 /* MatchTableViewCell.m */ = {isa = PBXFileReference; fileEncoding = 4; lastKnownFileType = sourcecode.c.objc; path = MatchTableViewCell.m; sourceTree = "<group>"; };
		8CEF96971DCC3B1B004D76A7 /* ProfileViewController.h */ = {isa = PBXFileReference; fileEncoding = 4; lastKnownFileType = sourcecode.c.h; path = ProfileViewController.h; sourceTree = "<group>"; };
		8CEF96981DCC3B1B004D76A7 /* ProfileViewController.m */ = {isa = PBXFileReference; fileEncoding = 4; lastKnownFileType = sourcecode.c.objc; path = ProfileViewController.m; sourceTree = "<group>"; };
		8CEF969D1DCC48DA004D76A7 /* Includes.h */ = {isa = PBXFileReference; lastKnownFileType = sourcecode.c.h; path = Includes.h; sourceTree = "<group>"; };
		8CF2860F1E9B3C0B005B94E9 /* Messages.h */ = {isa = PBXFileReference; fileEncoding = 4; lastKnownFileType = sourcecode.c.h; path = Messages.h; sourceTree = "<group>"; };
		8CF286101E9B3C0B005B94E9 /* Messages.m */ = {isa = PBXFileReference; fileEncoding = 4; lastKnownFileType = sourcecode.c.objc; path = Messages.m; sourceTree = "<group>"; };
		8CF62C791E1A069700BBAF0D /* NewMatchConflictViewController.h */ = {isa = PBXFileReference; fileEncoding = 4; lastKnownFileType = sourcecode.c.h; path = NewMatchConflictViewController.h; sourceTree = "<group>"; };
		8CF62C7A1E1A069700BBAF0D /* NewMatchConflictViewController.m */ = {isa = PBXFileReference; fileEncoding = 4; lastKnownFileType = sourcecode.c.objc; path = NewMatchConflictViewController.m; sourceTree = "<group>"; };
		8CF62C7C1E1E204000BBAF0D /* NewMatchViewController.h */ = {isa = PBXFileReference; fileEncoding = 4; lastKnownFileType = sourcecode.c.h; path = NewMatchViewController.h; sourceTree = "<group>"; };
		8CF62C7D1E1E204000BBAF0D /* NewMatchViewController.m */ = {isa = PBXFileReference; fileEncoding = 4; lastKnownFileType = sourcecode.c.objc; path = NewMatchViewController.m; sourceTree = "<group>"; };
		8CF62C881E22BE9400BBAF0D /* MessageViewController.h */ = {isa = PBXFileReference; fileEncoding = 4; lastKnownFileType = sourcecode.c.h; path = MessageViewController.h; sourceTree = "<group>"; };
		8CF62C891E22BE9400BBAF0D /* MessageViewController.m */ = {isa = PBXFileReference; fileEncoding = 4; lastKnownFileType = sourcecode.c.objc; path = MessageViewController.m; sourceTree = "<group>"; };
		CC1F71CE17ADB8C0A2C32B38 /* Pods-DateAppTests.release.xcconfig */ = {isa = PBXFileReference; includeInIndex = 1; lastKnownFileType = text.xcconfig; name = "Pods-DateAppTests.release.xcconfig"; path = "Pods/Target Support Files/Pods-DateAppTests/Pods-DateAppTests.release.xcconfig"; sourceTree = "<group>"; };
		F740A630C1BC8004C25F7133 /* Pods_DateAppUITests.framework */ = {isa = PBXFileReference; explicitFileType = wrapper.framework; includeInIndex = 0; path = Pods_DateAppUITests.framework; sourceTree = BUILT_PRODUCTS_DIR; };
/* End PBXFileReference section */

/* Begin PBXFrameworksBuildPhase section */
		8CC00FDC1D9F2B1500BE487A /* Frameworks */ = {
			isa = PBXFrameworksBuildPhase;
			buildActionMask = 2147483647;
			files = (
				8CCF3D9A1E42706500CC4750 /* CoreLocation.framework in Frameworks */,
				8C2BE3221DE930F00042BE6B /* FBSDKLoginKit.framework in Frameworks */,
				8C2BE3241DE9342B0042BE6B /* FBSDKCoreKit.framework in Frameworks */,
				8C2BE3261DE938E10042BE6B /* Bolts.framework in Frameworks */,
				2D2A5289B615F0BF70D252A9 /* Pods_DateApp.framework in Frameworks */,
			);
			runOnlyForDeploymentPostprocessing = 0;
		};
		8CC00FF51D9F2B1500BE487A /* Frameworks */ = {
			isa = PBXFrameworksBuildPhase;
			buildActionMask = 2147483647;
			files = (
				CC29648E7A96B38ACF9690EA /* Pods_DateAppTests.framework in Frameworks */,
			);
			runOnlyForDeploymentPostprocessing = 0;
		};
		8CC010001D9F2B1500BE487A /* Frameworks */ = {
			isa = PBXFrameworksBuildPhase;
			buildActionMask = 2147483647;
			files = (
				083892BE1B2C7C0B4B8FE6CA /* Pods_DateAppUITests.framework in Frameworks */,
			);
			runOnlyForDeploymentPostprocessing = 0;
		};
/* End PBXFrameworksBuildPhase section */

/* Begin PBXGroup section */
		8C2BE2FC1DE0184F0042BE6B /* CERangeSlider */ = {
			isa = PBXGroup;
			children = (
				8C2BE3061DE01A640042BE6B /* DistanceRangeSlider.m */,
				8C2BE3071DE01A640042BE6B /* DistanceRangeSlider.h */,
				8C2BE2FD1DE018820042BE6B /* CERangeSliderTrackLayer.m */,
				8C2BE2FE1DE018820042BE6B /* CERangeSliderTrackLayer.h */,
				8C2BE2FF1DE018820042BE6B /* CERangeSliderKnobLayer.m */,
				8C2BE3001DE018820042BE6B /* CERangeSliderKnobLayer.h */,
				8C2BE3011DE018820042BE6B /* CERangeSlider.m */,
				8C2BE3021DE018820042BE6B /* CERangeSlider.h */,
			);
			name = CERangeSlider;
			sourceTree = "<group>";
		};
		8CC00FD61D9F2B1500BE487A = {
			isa = PBXGroup;
			children = (
				8CCF3D9E1E430A4A00CC4750 /* Resources */,
				8CC00FE11D9F2B1500BE487A /* DateApp */,
				8CC00FFB1D9F2B1500BE487A /* DateAppTests */,
				8CC010061D9F2B1500BE487A /* DateAppUITests */,
				8CC00FE01D9F2B1500BE487A /* Products */,
				8F3BF15E8707DF4F726C9FF0 /* Pods */,
				F77B26EB49B6B14628888455 /* Frameworks */,
			);
			sourceTree = "<group>";
		};
		8CC00FE01D9F2B1500BE487A /* Products */ = {
			isa = PBXGroup;
			children = (
				8CC00FDF1D9F2B1500BE487A /* DateApp.app */,
				8CC00FF81D9F2B1500BE487A /* DateAppTests.xctest */,
				8CC010031D9F2B1500BE487A /* DateAppUITests.xctest */,
			);
			name = Products;
			sourceTree = "<group>";
		};
		8CC00FE11D9F2B1500BE487A /* DateApp */ = {
			isa = PBXGroup;
			children = (
				8C5F0E081E88749200C799B4 /* DateApp.entitlements */,
				8CEB63981E5902A400F062A9 /* DraggableView.xib */,
				8CEB638C1E58F9ED00F062A9 /* DraggableView.h */,
				8CEB638D1E58F9ED00F062A9 /* DraggableView.m */,
				8CEB638E1E58F9ED00F062A9 /* DraggableViewBackground.h */,
				8CEB638F1E58F9ED00F062A9 /* DraggableViewBackground.m */,
				8CEB63901E58F9ED00F062A9 /* OverlayView.h */,
				8CEB63911E58F9ED00F062A9 /* OverlayView.m */,
				8CEB63921E58F9ED00F062A9 /* SwipeViewController.h */,
				8CEB63931E58F9ED00F062A9 /* SwipeViewController.m */,
				8CB0F1781E2DCED500E62A1C /* RootViewController.m */,
				8CEF369C1E2D97F10060CAF8 /* NSUserDefaults+DemoSettings.h */,
				8CEF369D1E2D97F10060CAF8 /* NSUserDefaults+DemoSettings.m */,
				8C2BE3271DEA3EA10042BE6B /* PhotoManager.h */,
				8C2BE3281DEA3EA10042BE6B /* PhotoManager.m */,
				8C2BE3151DE55B030042BE6B /* DataAccess.h */,
				8C2BE3161DE55B030042BE6B /* DataAccess.m */,
				8C2BE2FC1DE0184F0042BE6B /* CERangeSlider */,
				8C4117F61DD03E1000DBC38F /* TFHeartAnimationView.h */,
				8C4117F71DD03E1000DBC38F /* TFHeartAnimationView.m */,
				8C4117F81DD03E1000DBC38F /* TFHeartAnimationView.xib */,
				8CEF969D1DCC48DA004D76A7 /* Includes.h */,
				8C2CE0F01DA2DC8A00592566 /* Main.storyboard */,
				8C2CE0D81DA186D500592566 /* TFConstants.h */,
				8C2CE0E31DA186D500592566 /* TFStyle.h */,
				8C2CE0E41DA186D500592566 /* TFStyle.m */,
				8C2CE0CC1DA1825300592566 /* AppDelegate.m */,
				8CC00FE51D9F2B1500BE487A /* AppDelegate.h */,
				8CC00FEE1D9F2B1500BE487A /* Assets.xcassets */,
				8CC00FF01D9F2B1500BE487A /* LaunchScreen.storyboard */,
				8CC00FF31D9F2B1500BE487A /* Info.plist */,
				8CC00FE21D9F2B1500BE487A /* Supporting Files */,
				8CEF96971DCC3B1B004D76A7 /* ProfileViewController.h */,
				8CEF96981DCC3B1B004D76A7 /* ProfileViewController.m */,
				8CB05FF51DD175AB00EB7BB6 /* RootViewController.h */,
				8CB05FF81DD187F300EB7BB6 /* MatchViewController.h */,
				8CB05FF91DD187F300EB7BB6 /* MatchViewController.m */,
				8CA3447A1DD76C0200BFB36F /* PhotosCollectionViewCell.h */,
				8CA3447B1DD76C0200BFB36F /* PhotosCollectionViewCell.m */,
				8C9C19D51DD800DE0074A7D0 /* SettingsViewController.h */,
				8C9C19D61DD800DE0074A7D0 /* SettingsViewController.m */,
				8C9C19D81DD829680074A7D0 /* MyProfileViewController.h */,
				8C9C19D91DD829680074A7D0 /* MyProfileViewController.m */,
				8C9C19DB1DD829890074A7D0 /* MenuViewController.h */,
				8C9C19DC1DD829890074A7D0 /* MenuViewController.m */,
				8C5657A81DD9639E0081D082 /* AlbumViewController.h */,
				8C5657A91DD9639E0081D082 /* AlbumViewController.m */,
				8C2BE3091DE20C0E0042BE6B /* EditPhotosViewController.h */,
				8C2BE30A1DE20C0E0042BE6B /* EditPhotosViewController.m */,
				8C2BE30C1DE5543E0042BE6B /* BioViewController.h */,
				8C2BE30D1DE5543E0042BE6B /* BioViewController.m */,
				8C2BE30F1DE554500042BE6B /* EduViewController.h */,
				8C2BE3101DE554500042BE6B /* EduViewController.m */,
				8C2BE3121DE5549A0042BE6B /* OccupationViewController.h */,
				8C2BE3131DE5549A0042BE6B /* OccupationViewController.m */,
				8C2BE3181DE693830042BE6B /* FBPhotosViewController.h */,
				8C2BE3191DE693830042BE6B /* FBPhotosViewController.m */,
				8C2BE31B1DE693EB0042BE6B /* SinglePhotoViewController.h */,
				8C2BE31C1DE693EB0042BE6B /* SinglePhotoViewController.m */,
				8C2BE31E1DE9297E0042BE6B /* LoginViewController.h */,
				8C2BE31F1DE9297E0042BE6B /* LoginViewController.m */,
				8C2BE32A1DEA3EE40042BE6B /* FBAlbumsViewController.h */,
				8C2BE32B1DEA3EE40042BE6B /* FBAlbumsViewController.m */,
				8C2BE32D1DEA3FE30042BE6B /* AlbumTableViewCell.h */,
				8C2BE32E1DEA3FE30042BE6B /* AlbumTableViewCell.m */,
				8CF62C791E1A069700BBAF0D /* NewMatchConflictViewController.h */,
				8CF62C7A1E1A069700BBAF0D /* NewMatchConflictViewController.m */,
				8CF62C7C1E1E204000BBAF0D /* NewMatchViewController.h */,
				8CF62C7D1E1E204000BBAF0D /* NewMatchViewController.m */,
				8CF62C881E22BE9400BBAF0D /* MessageViewController.h */,
				8CF62C891E22BE9400BBAF0D /* MessageViewController.m */,
				8CEF36A11E2D9B710060CAF8 /* MessageModelData.h */,
				8CEF36A21E2D9B710060CAF8 /* MessageModelData.m */,
				8CEF3F181E3071DB00CC4485 /* MatchTableViewCell.h */,
				8CEF3F191E3071DB00CC4485 /* MatchTableViewCell.m */,
				8C92D2651E32E1E40071A737 /* MyProfileTableViewCell.h */,
				8C92D2661E32E1E40071A737 /* MyProfileTableViewCell.m */,
				8CD2BD891E3EE65D00A293CE /* SettingsTableViewCell.h */,
				8CD2BD8A1E3EE65D00A293CE /* SettingsTableViewCell.m */,
				8CCF3D9B1E42735300CC4750 /* LocationManager.h */,
				8CCF3D9C1E42735300CC4750 /* LocationManager.m */,
				8CCBF4CB1E7470D400C202CB /* User.h */,
				8CCBF4CC1E7470D400C202CB /* User.m */,
				8C11467E1E7CC069003AB594 /* PartingMessageViewController.h */,
				8C11467F1E7CC069003AB594 /* PartingMessageViewController.m */,
				8C1146811E7D838C003AB594 /* NewMessageViewController.h */,
				8C1146821E7D838C003AB594 /* NewMessageViewController.m */,
				8C5F0E121E8D70B300C799B4 /* DAServer.h */,
				8C5F0E131E8D70B300C799B4 /* DAServer.m */,
				8C5F0E171E8F2F8200C799B4 /* MatchUser.h */,
				8C5F0E181E8F2F8200C799B4 /* MatchUser.m */,
				8C5F0E1A1E8F30EE00C799B4 /* DAParser.h */,
				8C5F0E1B1E8F30EE00C799B4 /* DAParser.m */,
				8CCF830D1E91CB7F00C8CF9C /* DASocket.h */,
				8CCF830E1E91CB7F00C8CF9C /* DASocket.m */,
				8C08FA131EA7115500A41FF5 /* DADateFormatter.h */,
				8C08FA141EA7115500A41FF5 /* DADateFormatter.m */,
				8CF2860F1E9B3C0B005B94E9 /* Messages.h */,
				8CF286101E9B3C0B005B94E9 /* Messages.m */,
				8CE1D9201F0214680002A510 /* DAGradientColor.h */,
				8CE1D9211F0214680002A510 /* DAGradientColor.m */,
				8C071DD21F0B1EEF00900A42 /* UserLandingViewController.h */,
				8C071DD31F0B1EEF00900A42 /* UserLandingViewController.m */,
				8C0669911F1487E800132E14 /* UUDoubleSliderView.h */,
				8C0669921F1487E800132E14 /* UUDoubleSliderView.m */,
				8C0669941F1AFC5800132E14 /* UILabelDeviceClass.h */,
				8C0669951F1AFC5800132E14 /* UILabelDeviceClass.m */,
				8C1F8AE41FC0EFCE00D927D4 /* PhotoDownloader.h */,
				8C1F8AE51FC0EFCE00D927D4 /* PhotoDownloader.m */,
				8C1F8AE71FC29F0400D927D4 /* TutorialViewController.h */,
				8C1F8AE81FC29F0400D927D4 /* TutorialViewController.m */,
				8C1F8AEA1FC3AA1500D927D4 /* AlbumSelectionViewController.h */,
				8C1F8AEB1FC3AA1500D927D4 /* AlbumSelectionViewController.m */,
				8CCA5E921FE39C1400AEE99F /* ScaledImage.h */,
				8CCA5E931FE39C1400AEE99F /* ScaledImage.m */,
				8CCA5E951FF17DCE00AEE99F /* UIImage+Scale.h */,
				8CCA5E961FF17DCE00AEE99F /* UIImage+Scale.m */,
			);
			path = DateApp;
			sourceTree = "<group>";
		};
		8CC00FE21D9F2B1500BE487A /* Supporting Files */ = {
			isa = PBXGroup;
			children = (
				8CC00FE31D9F2B1500BE487A /* main.m */,
			);
			name = "Supporting Files";
			sourceTree = "<group>";
		};
		8CC00FFB1D9F2B1500BE487A /* DateAppTests */ = {
			isa = PBXGroup;
			children = (
				8CC00FFC1D9F2B1500BE487A /* DateAppTests.m */,
				8CC00FFE1D9F2B1500BE487A /* Info.plist */,
			);
			path = DateAppTests;
			sourceTree = "<group>";
		};
		8CC010061D9F2B1500BE487A /* DateAppUITests */ = {
			isa = PBXGroup;
			children = (
				8CC010071D9F2B1500BE487A /* DateAppUITests.m */,
				8CC010091D9F2B1500BE487A /* Info.plist */,
			);
			path = DateAppUITests;
			sourceTree = "<group>";
		};
		8CCF3D9E1E430A4A00CC4750 /* Resources */ = {
			isa = PBXGroup;
			children = (
				8C0AF7481F5516D0005AA0FF /* LilyScriptOne-Regular.ttf */,
				8CE1D9231F0355B00002A510 /* RooneyLF-Medium.otf */,
				8CE1D9241F0355B00002A510 /* RooneyLF-MediumItalic.otf */,
				8CE1D9251F0355B00002A510 /* RooneyLF-Regular.otf */,
				8CE1D9261F0355B00002A510 /* RooneySansLF-Medium.otf */,
				8CE1D9271F0355B00002A510 /* RooneySansLF-Regular.otf */,
			);
			name = Resources;
			sourceTree = "<group>";
		};
		8F3BF15E8707DF4F726C9FF0 /* Pods */ = {
			isa = PBXGroup;
			children = (
				26801776E41C9C039E02478D /* Pods-DateApp.debug.xcconfig */,
				49D3692E1F2124EE979A39D8 /* Pods-DateApp.release.xcconfig */,
				0FC74B8171A9722D22AA37A2 /* Pods-DateAppTests.debug.xcconfig */,
				CC1F71CE17ADB8C0A2C32B38 /* Pods-DateAppTests.release.xcconfig */,
				0C400B4A7A4928C67125AFD3 /* Pods-DateAppUITests.debug.xcconfig */,
				830DA662B3856B06FBEB2070 /* Pods-DateAppUITests.release.xcconfig */,
			);
			name = Pods;
			sourceTree = "<group>";
		};
		F77B26EB49B6B14628888455 /* Frameworks */ = {
			isa = PBXGroup;
			children = (
				8CCF3D991E42706500CC4750 /* CoreLocation.framework */,
				8C2BE3251DE938E10042BE6B /* Bolts.framework */,
				8C2BE3231DE9342B0042BE6B /* FBSDKCoreKit.framework */,
				8C2BE3211DE930F00042BE6B /* FBSDKLoginKit.framework */,
				3D1924AD85E3C3F86B7D1873 /* Pods_DateApp.framework */,
				63ED224D000AA38152CC6CF6 /* Pods_DateAppTests.framework */,
				F740A630C1BC8004C25F7133 /* Pods_DateAppUITests.framework */,
			);
			name = Frameworks;
			sourceTree = "<group>";
		};
/* End PBXGroup section */

/* Begin PBXNativeTarget section */
		8CC00FDE1D9F2B1500BE487A /* DateApp */ = {
			isa = PBXNativeTarget;
			buildConfigurationList = 8CC0100C1D9F2B1500BE487A /* Build configuration list for PBXNativeTarget "DateApp" */;
			buildPhases = (
				68D4D0D761EFBA2AAEBD1699 /* [CP] Check Pods Manifest.lock */,
				8CC00FDB1D9F2B1500BE487A /* Sources */,
				8CC00FDC1D9F2B1500BE487A /* Frameworks */,
				8CC00FDD1D9F2B1500BE487A /* Resources */,
				94D86A9D3182B4B802C11BD3 /* [CP] Embed Pods Frameworks */,
				BC3F7D95672C4B9303C9EBC2 /* [CP] Copy Pods Resources */,
				8CD50E841FD895740047F100 /* ShellScript */,
			);
			buildRules = (
			);
			dependencies = (
			);
			name = DateApp;
			productName = DateApp;
			productReference = 8CC00FDF1D9F2B1500BE487A /* DateApp.app */;
			productType = "com.apple.product-type.application";
		};
		8CC00FF71D9F2B1500BE487A /* DateAppTests */ = {
			isa = PBXNativeTarget;
			buildConfigurationList = 8CC0100F1D9F2B1500BE487A /* Build configuration list for PBXNativeTarget "DateAppTests" */;
			buildPhases = (
				F90A1A2E05925120E36EE0ED /* [CP] Check Pods Manifest.lock */,
				8CC00FF41D9F2B1500BE487A /* Sources */,
				8CC00FF51D9F2B1500BE487A /* Frameworks */,
				8CC00FF61D9F2B1500BE487A /* Resources */,
				47CA7E4643BFD751E91B819A /* [CP] Embed Pods Frameworks */,
				612B0C3D0E8D803AF65AE1D4 /* [CP] Copy Pods Resources */,
			);
			buildRules = (
			);
			dependencies = (
				8CC00FFA1D9F2B1500BE487A /* PBXTargetDependency */,
			);
			name = DateAppTests;
			productName = DateAppTests;
			productReference = 8CC00FF81D9F2B1500BE487A /* DateAppTests.xctest */;
			productType = "com.apple.product-type.bundle.unit-test";
		};
		8CC010021D9F2B1500BE487A /* DateAppUITests */ = {
			isa = PBXNativeTarget;
			buildConfigurationList = 8CC010121D9F2B1500BE487A /* Build configuration list for PBXNativeTarget "DateAppUITests" */;
			buildPhases = (
				3AC5C370DE18DEC74CE0058F /* [CP] Check Pods Manifest.lock */,
				8CC00FFF1D9F2B1500BE487A /* Sources */,
				8CC010001D9F2B1500BE487A /* Frameworks */,
				8CC010011D9F2B1500BE487A /* Resources */,
				68B8CBE049D11D5CE01FC6EA /* [CP] Embed Pods Frameworks */,
				EC385E2E20A8B42876C423F3 /* [CP] Copy Pods Resources */,
			);
			buildRules = (
			);
			dependencies = (
				8CC010051D9F2B1500BE487A /* PBXTargetDependency */,
			);
			name = DateAppUITests;
			productName = DateAppUITests;
			productReference = 8CC010031D9F2B1500BE487A /* DateAppUITests.xctest */;
			productType = "com.apple.product-type.bundle.ui-testing";
		};
/* End PBXNativeTarget section */

/* Begin PBXProject section */
		8CC00FD71D9F2B1500BE487A /* Project object */ = {
			isa = PBXProject;
			attributes = {
				LastUpgradeCheck = 0800;
				ORGANIZATIONNAME = "Neil Ballard";
				TargetAttributes = {
					8CC00FDE1D9F2B1500BE487A = {
						CreatedOnToolsVersion = 8.0;
						DevelopmentTeam = KYUNTCYL2V;
						ProvisioningStyle = Automatic;
						SystemCapabilities = {
							com.apple.Push = {
								enabled = 1;
							};
						};
					};
					8CC00FF71D9F2B1500BE487A = {
						CreatedOnToolsVersion = 8.0;
						ProvisioningStyle = Automatic;
						TestTargetID = 8CC00FDE1D9F2B1500BE487A;
					};
					8CC010021D9F2B1500BE487A = {
						CreatedOnToolsVersion = 8.0;
						ProvisioningStyle = Automatic;
						TestTargetID = 8CC00FDE1D9F2B1500BE487A;
					};
				};
			};
			buildConfigurationList = 8CC00FDA1D9F2B1500BE487A /* Build configuration list for PBXProject "DateApp" */;
			compatibilityVersion = "Xcode 3.2";
			developmentRegion = English;
			hasScannedForEncodings = 0;
			knownRegions = (
				en,
				Base,
			);
			mainGroup = 8CC00FD61D9F2B1500BE487A;
			productRefGroup = 8CC00FE01D9F2B1500BE487A /* Products */;
			projectDirPath = "";
			projectRoot = "";
			targets = (
				8CC00FDE1D9F2B1500BE487A /* DateApp */,
				8CC00FF71D9F2B1500BE487A /* DateAppTests */,
				8CC010021D9F2B1500BE487A /* DateAppUITests */,
			);
		};
/* End PBXProject section */

/* Begin PBXResourcesBuildPhase section */
		8CC00FDD1D9F2B1500BE487A /* Resources */ = {
			isa = PBXResourcesBuildPhase;
			buildActionMask = 2147483647;
			files = (
				8CE1D92A1F0355B00002A510 /* RooneyLF-Regular.otf in Resources */,
				8CE1D9281F0355B00002A510 /* RooneyLF-Medium.otf in Resources */,
				8CE1D92C1F0355B00002A510 /* RooneySansLF-Regular.otf in Resources */,
				8C0AF7491F5516D0005AA0FF /* LilyScriptOne-Regular.ttf in Resources */,
				8CE1D92B1F0355B00002A510 /* RooneySansLF-Medium.otf in Resources */,
				8CC00FF21D9F2B1500BE487A /* LaunchScreen.storyboard in Resources */,
				8CEB63991E5902A400F062A9 /* DraggableView.xib in Resources */,
				8CC00FEF1D9F2B1500BE487A /* Assets.xcassets in Resources */,
				8C4117FA1DD03E1000DBC38F /* TFHeartAnimationView.xib in Resources */,
				8C2CE0F11DA2DC8B00592566 /* Main.storyboard in Resources */,
				8CE1D9291F0355B00002A510 /* RooneyLF-MediumItalic.otf in Resources */,
			);
			runOnlyForDeploymentPostprocessing = 0;
		};
		8CC00FF61D9F2B1500BE487A /* Resources */ = {
			isa = PBXResourcesBuildPhase;
			buildActionMask = 2147483647;
			files = (
			);
			runOnlyForDeploymentPostprocessing = 0;
		};
		8CC010011D9F2B1500BE487A /* Resources */ = {
			isa = PBXResourcesBuildPhase;
			buildActionMask = 2147483647;
			files = (
			);
			runOnlyForDeploymentPostprocessing = 0;
		};
/* End PBXResourcesBuildPhase section */

/* Begin PBXShellScriptBuildPhase section */
		3AC5C370DE18DEC74CE0058F /* [CP] Check Pods Manifest.lock */ = {
			isa = PBXShellScriptBuildPhase;
			buildActionMask = 2147483647;
			files = (
			);
			inputPaths = (
				"${PODS_PODFILE_DIR_PATH}/Podfile.lock",
				"${PODS_ROOT}/Manifest.lock",
			);
			name = "[CP] Check Pods Manifest.lock";
			outputPaths = (
				"$(DERIVED_FILE_DIR)/Pods-DateAppUITests-checkManifestLockResult.txt",
			);
			runOnlyForDeploymentPostprocessing = 0;
			shellPath = /bin/sh;
			shellScript = "diff \"${PODS_PODFILE_DIR_PATH}/Podfile.lock\" \"${PODS_ROOT}/Manifest.lock\" > /dev/null\nif [ $? != 0 ] ; then\n    # print error to STDERR\n    echo \"error: The sandbox is not in sync with the Podfile.lock. Run 'pod install' or update your CocoaPods installation.\" >&2\n    exit 1\nfi\n# This output is used by Xcode 'outputs' to avoid re-running this script phase.\necho \"SUCCESS\" > \"${SCRIPT_OUTPUT_FILE_0}\"\n";
			showEnvVarsInLog = 0;
		};
		47CA7E4643BFD751E91B819A /* [CP] Embed Pods Frameworks */ = {
			isa = PBXShellScriptBuildPhase;
			buildActionMask = 2147483647;
			files = (
			);
			inputPaths = (
			);
			name = "[CP] Embed Pods Frameworks";
			outputPaths = (
			);
			runOnlyForDeploymentPostprocessing = 0;
			shellPath = /bin/sh;
			shellScript = "\"${SRCROOT}/Pods/Target Support Files/Pods-DateAppTests/Pods-DateAppTests-frameworks.sh\"\n";
			showEnvVarsInLog = 0;
		};
		612B0C3D0E8D803AF65AE1D4 /* [CP] Copy Pods Resources */ = {
			isa = PBXShellScriptBuildPhase;
			buildActionMask = 2147483647;
			files = (
			);
			inputPaths = (
			);
			name = "[CP] Copy Pods Resources";
			outputPaths = (
			);
			runOnlyForDeploymentPostprocessing = 0;
			shellPath = /bin/sh;
			shellScript = "\"${SRCROOT}/Pods/Target Support Files/Pods-DateAppTests/Pods-DateAppTests-resources.sh\"\n";
			showEnvVarsInLog = 0;
		};
		68B8CBE049D11D5CE01FC6EA /* [CP] Embed Pods Frameworks */ = {
			isa = PBXShellScriptBuildPhase;
			buildActionMask = 2147483647;
			files = (
			);
			inputPaths = (
			);
			name = "[CP] Embed Pods Frameworks";
			outputPaths = (
			);
			runOnlyForDeploymentPostprocessing = 0;
			shellPath = /bin/sh;
			shellScript = "\"${SRCROOT}/Pods/Target Support Files/Pods-DateAppUITests/Pods-DateAppUITests-frameworks.sh\"\n";
			showEnvVarsInLog = 0;
		};
		68D4D0D761EFBA2AAEBD1699 /* [CP] Check Pods Manifest.lock */ = {
			isa = PBXShellScriptBuildPhase;
			buildActionMask = 2147483647;
			files = (
			);
			inputPaths = (
				"${PODS_PODFILE_DIR_PATH}/Podfile.lock",
				"${PODS_ROOT}/Manifest.lock",
			);
			name = "[CP] Check Pods Manifest.lock";
			outputPaths = (
				"$(DERIVED_FILE_DIR)/Pods-DateApp-checkManifestLockResult.txt",
			);
			runOnlyForDeploymentPostprocessing = 0;
			shellPath = /bin/sh;
			shellScript = "diff \"${PODS_PODFILE_DIR_PATH}/Podfile.lock\" \"${PODS_ROOT}/Manifest.lock\" > /dev/null\nif [ $? != 0 ] ; then\n    # print error to STDERR\n    echo \"error: The sandbox is not in sync with the Podfile.lock. Run 'pod install' or update your CocoaPods installation.\" >&2\n    exit 1\nfi\n# This output is used by Xcode 'outputs' to avoid re-running this script phase.\necho \"SUCCESS\" > \"${SCRIPT_OUTPUT_FILE_0}\"\n";
			showEnvVarsInLog = 0;
		};
		8CD50E841FD895740047F100 /* ShellScript */ = {
			isa = PBXShellScriptBuildPhase;
			buildActionMask = 2147483647;
			files = (
			);
			inputPaths = (
			);
			outputPaths = (
			);
			runOnlyForDeploymentPostprocessing = 0;
			shellPath = /bin/sh;
			shellScript = "\"${PODS_ROOT}/Fabric/run\" 9e81907b7173e7b4a64b768a9b88bb2df219de59 bb8670bd9fe5b6b42dd555c85c76eb1ea08c781ecb26b0046a9fbb2c61eab1e6";
		};
		94D86A9D3182B4B802C11BD3 /* [CP] Embed Pods Frameworks */ = {
			isa = PBXShellScriptBuildPhase;
			buildActionMask = 2147483647;
			files = (
			);
			inputPaths = (
				"${SRCROOT}/Pods/Target Support Files/Pods-DateApp/Pods-DateApp-frameworks.sh",
				"${BUILT_PRODUCTS_DIR}/JSQMessagesViewController/JSQMessagesViewController.framework",
				"${BUILT_PRODUCTS_DIR}/JSQSystemSoundPlayer/JSQSystemSoundPlayer.framework",
				"${BUILT_PRODUCTS_DIR}/SDWebImage/SDWebImage.framework",
				"${BUILT_PRODUCTS_DIR}/Socket.IO-Client-Swift/SocketIO.framework",
			);
			name = "[CP] Embed Pods Frameworks";
			outputPaths = (
				"${TARGET_BUILD_DIR}/${FRAMEWORKS_FOLDER_PATH}/JSQMessagesViewController.framework",
				"${TARGET_BUILD_DIR}/${FRAMEWORKS_FOLDER_PATH}/JSQSystemSoundPlayer.framework",
				"${TARGET_BUILD_DIR}/${FRAMEWORKS_FOLDER_PATH}/SDWebImage.framework",
				"${TARGET_BUILD_DIR}/${FRAMEWORKS_FOLDER_PATH}/SocketIO.framework",
			);
			runOnlyForDeploymentPostprocessing = 0;
			shellPath = /bin/sh;
			shellScript = "\"${SRCROOT}/Pods/Target Support Files/Pods-DateApp/Pods-DateApp-frameworks.sh\"\n";
			showEnvVarsInLog = 0;
		};
		BC3F7D95672C4B9303C9EBC2 /* [CP] Copy Pods Resources */ = {
			isa = PBXShellScriptBuildPhase;
			buildActionMask = 2147483647;
			files = (
			);
			inputPaths = (
			);
			name = "[CP] Copy Pods Resources";
			outputPaths = (
			);
			runOnlyForDeploymentPostprocessing = 0;
			shellPath = /bin/sh;
			shellScript = "\"${SRCROOT}/Pods/Target Support Files/Pods-DateApp/Pods-DateApp-resources.sh\"\n";
			showEnvVarsInLog = 0;
		};
		EC385E2E20A8B42876C423F3 /* [CP] Copy Pods Resources */ = {
			isa = PBXShellScriptBuildPhase;
			buildActionMask = 2147483647;
			files = (
			);
			inputPaths = (
			);
			name = "[CP] Copy Pods Resources";
			outputPaths = (
			);
			runOnlyForDeploymentPostprocessing = 0;
			shellPath = /bin/sh;
			shellScript = "\"${SRCROOT}/Pods/Target Support Files/Pods-DateAppUITests/Pods-DateAppUITests-resources.sh\"\n";
			showEnvVarsInLog = 0;
		};
		F90A1A2E05925120E36EE0ED /* [CP] Check Pods Manifest.lock */ = {
			isa = PBXShellScriptBuildPhase;
			buildActionMask = 2147483647;
			files = (
			);
			inputPaths = (
				"${PODS_PODFILE_DIR_PATH}/Podfile.lock",
				"${PODS_ROOT}/Manifest.lock",
			);
			name = "[CP] Check Pods Manifest.lock";
			outputPaths = (
				"$(DERIVED_FILE_DIR)/Pods-DateAppTests-checkManifestLockResult.txt",
			);
			runOnlyForDeploymentPostprocessing = 0;
			shellPath = /bin/sh;
			shellScript = "diff \"${PODS_PODFILE_DIR_PATH}/Podfile.lock\" \"${PODS_ROOT}/Manifest.lock\" > /dev/null\nif [ $? != 0 ] ; then\n    # print error to STDERR\n    echo \"error: The sandbox is not in sync with the Podfile.lock. Run 'pod install' or update your CocoaPods installation.\" >&2\n    exit 1\nfi\n# This output is used by Xcode 'outputs' to avoid re-running this script phase.\necho \"SUCCESS\" > \"${SCRIPT_OUTPUT_FILE_0}\"\n";
			showEnvVarsInLog = 0;
		};
/* End PBXShellScriptBuildPhase section */

/* Begin PBXSourcesBuildPhase section */
		8CC00FDB1D9F2B1500BE487A /* Sources */ = {
			isa = PBXSourcesBuildPhase;
			buildActionMask = 2147483647;
			files = (
				8C0669931F1487E900132E14 /* UUDoubleSliderView.m in Sources */,
				8C2BE3081DE01A640042BE6B /* DistanceRangeSlider.m in Sources */,
				8C2BE3291DEA3EA10042BE6B /* PhotoManager.m in Sources */,
				8C2BE31D1DE693EB0042BE6B /* SinglePhotoViewController.m in Sources */,
				8CEF36A01E2D97F10060CAF8 /* NSUserDefaults+DemoSettings.m in Sources */,
				8C2BE32F1DEA3FE30042BE6B /* AlbumTableViewCell.m in Sources */,
				8C1F8AEC1FC3AA1500D927D4 /* AlbumSelectionViewController.m in Sources */,
				8C2BE30E1DE5543E0042BE6B /* BioViewController.m in Sources */,
				8CCA5E971FF17DCE00AEE99F /* UIImage+Scale.m in Sources */,
				8C2CE0CD1DA1825300592566 /* AppDelegate.m in Sources */,
				8C5657AA1DD9639E0081D082 /* AlbumViewController.m in Sources */,
				8CEB63941E58F9ED00F062A9 /* DraggableView.m in Sources */,
				8C1146801E7CC069003AB594 /* PartingMessageViewController.m in Sources */,
				8C08FA151EA7115500A41FF5 /* DADateFormatter.m in Sources */,
				8CC00FE41D9F2B1500BE487A /* main.m in Sources */,
				8C9C19D71DD800DE0074A7D0 /* SettingsViewController.m in Sources */,
				8C1F8AE91FC29F0400D927D4 /* TutorialViewController.m in Sources */,
				8C2BE3201DE9297E0042BE6B /* LoginViewController.m in Sources */,
				8CE1D9221F0214680002A510 /* DAGradientColor.m in Sources */,
				8C5F0E1C1E8F30EE00C799B4 /* DAParser.m in Sources */,
				8C2BE3171DE55B030042BE6B /* DataAccess.m in Sources */,
				8CF62C8A1E22BE9400BBAF0D /* MessageViewController.m in Sources */,
				8C2BE30B1DE20C0E0042BE6B /* EditPhotosViewController.m in Sources */,
				8C4117F91DD03E1000DBC38F /* TFHeartAnimationView.m in Sources */,
				8CCF830F1E91CB7F00C8CF9C /* DASocket.m in Sources */,
				8C5F0E191E8F2F8200C799B4 /* MatchUser.m in Sources */,
				8C1146831E7D838C003AB594 /* NewMessageViewController.m in Sources */,
				8CEB63951E58F9ED00F062A9 /* DraggableViewBackground.m in Sources */,
				8C92D2671E32E1E40071A737 /* MyProfileTableViewCell.m in Sources */,
				8C9C19DA1DD829680074A7D0 /* MyProfileViewController.m in Sources */,
				8C2BE32C1DEA3EE40042BE6B /* FBAlbumsViewController.m in Sources */,
				8CEF36A31E2D9B710060CAF8 /* MessageModelData.m in Sources */,
				8CEF3F1A1E3071DB00CC4485 /* MatchTableViewCell.m in Sources */,
				8CCA5E941FE39C1400AEE99F /* ScaledImage.m in Sources */,
				8CEB63961E58F9ED00F062A9 /* OverlayView.m in Sources */,
				8C2BE3041DE018820042BE6B /* CERangeSliderKnobLayer.m in Sources */,
				8C071DD41F0B1EEF00900A42 /* UserLandingViewController.m in Sources */,
				8CB05FFA1DD187F300EB7BB6 /* MatchViewController.m in Sources */,
				8CD2BD8B1E3EE65D00A293CE /* SettingsTableViewCell.m in Sources */,
				8C2BE3031DE018820042BE6B /* CERangeSliderTrackLayer.m in Sources */,
				8C2BE3051DE018820042BE6B /* CERangeSlider.m in Sources */,
				8C5F0E141E8D70B300C799B4 /* DAServer.m in Sources */,
				8C2BE31A1DE693830042BE6B /* FBPhotosViewController.m in Sources */,
				8C0669961F1AFC5800132E14 /* UILabelDeviceClass.m in Sources */,
				8CCBF4CD1E7470D400C202CB /* User.m in Sources */,
				8C2CE0EC1DA186D500592566 /* TFStyle.m in Sources */,
				8CF62C7B1E1A069700BBAF0D /* NewMatchConflictViewController.m in Sources */,
				8C1F8AE61FC0EFCE00D927D4 /* PhotoDownloader.m in Sources */,
				8C2BE3141DE5549A0042BE6B /* OccupationViewController.m in Sources */,
				8CEB63971E58F9ED00F062A9 /* SwipeViewController.m in Sources */,
				8CCF3D9D1E42735300CC4750 /* LocationManager.m in Sources */,
				8CA3447C1DD76C0200BFB36F /* PhotosCollectionViewCell.m in Sources */,
				8CB0F1791E2DCED500E62A1C /* RootViewController.m in Sources */,
				8CEF96991DCC3B1B004D76A7 /* ProfileViewController.m in Sources */,
				8C9C19DD1DD829890074A7D0 /* MenuViewController.m in Sources */,
				8CF62C7E1E1E204000BBAF0D /* NewMatchViewController.m in Sources */,
				8CF286111E9B3C0B005B94E9 /* Messages.m in Sources */,
				8C2BE3111DE554500042BE6B /* EduViewController.m in Sources */,
			);
			runOnlyForDeploymentPostprocessing = 0;
		};
		8CC00FF41D9F2B1500BE487A /* Sources */ = {
			isa = PBXSourcesBuildPhase;
			buildActionMask = 2147483647;
			files = (
				8CC00FFD1D9F2B1500BE487A /* DateAppTests.m in Sources */,
			);
			runOnlyForDeploymentPostprocessing = 0;
		};
		8CC00FFF1D9F2B1500BE487A /* Sources */ = {
			isa = PBXSourcesBuildPhase;
			buildActionMask = 2147483647;
			files = (
				8CC010081D9F2B1500BE487A /* DateAppUITests.m in Sources */,
			);
			runOnlyForDeploymentPostprocessing = 0;
		};
/* End PBXSourcesBuildPhase section */

/* Begin PBXTargetDependency section */
		8CC00FFA1D9F2B1500BE487A /* PBXTargetDependency */ = {
			isa = PBXTargetDependency;
			target = 8CC00FDE1D9F2B1500BE487A /* DateApp */;
			targetProxy = 8CC00FF91D9F2B1500BE487A /* PBXContainerItemProxy */;
		};
		8CC010051D9F2B1500BE487A /* PBXTargetDependency */ = {
			isa = PBXTargetDependency;
			target = 8CC00FDE1D9F2B1500BE487A /* DateApp */;
			targetProxy = 8CC010041D9F2B1500BE487A /* PBXContainerItemProxy */;
		};
/* End PBXTargetDependency section */

/* Begin PBXVariantGroup section */
		8CC00FF01D9F2B1500BE487A /* LaunchScreen.storyboard */ = {
			isa = PBXVariantGroup;
			children = (
				8CC00FF11D9F2B1500BE487A /* Base */,
			);
			name = LaunchScreen.storyboard;
			sourceTree = "<group>";
		};
/* End PBXVariantGroup section */

/* Begin XCBuildConfiguration section */
		8CC0100A1D9F2B1500BE487A /* Debug */ = {
			isa = XCBuildConfiguration;
			buildSettings = {
				ALWAYS_SEARCH_USER_PATHS = NO;
				CLANG_ANALYZER_NONNULL = YES;
				CLANG_CXX_LANGUAGE_STANDARD = "gnu++0x";
				CLANG_CXX_LIBRARY = "libc++";
				CLANG_ENABLE_MODULES = YES;
				CLANG_ENABLE_OBJC_ARC = YES;
				CLANG_WARN_BOOL_CONVERSION = YES;
				CLANG_WARN_CONSTANT_CONVERSION = YES;
				CLANG_WARN_DIRECT_OBJC_ISA_USAGE = YES_ERROR;
				CLANG_WARN_DOCUMENTATION_COMMENTS = YES;
				CLANG_WARN_EMPTY_BODY = YES;
				CLANG_WARN_ENUM_CONVERSION = YES;
				CLANG_WARN_INFINITE_RECURSION = YES;
				CLANG_WARN_INT_CONVERSION = YES;
				CLANG_WARN_OBJC_ROOT_CLASS = YES_ERROR;
				CLANG_WARN_SUSPICIOUS_MOVES = YES;
				CLANG_WARN_UNREACHABLE_CODE = YES;
				CLANG_WARN__DUPLICATE_METHOD_MATCH = YES;
				"CODE_SIGN_IDENTITY[sdk=iphoneos*]" = "iPhone Developer";
				COPY_PHASE_STRIP = NO;
				DEBUG_INFORMATION_FORMAT = dwarf;
				ENABLE_STRICT_OBJC_MSGSEND = YES;
				ENABLE_TESTABILITY = YES;
				GCC_C_LANGUAGE_STANDARD = gnu99;
				GCC_DYNAMIC_NO_PIC = NO;
				GCC_NO_COMMON_BLOCKS = YES;
				GCC_OPTIMIZATION_LEVEL = 0;
				GCC_PREPROCESSOR_DEFINITIONS = (
					"DEBUG=1",
					"$(inherited)",
				);
				GCC_WARN_64_TO_32_BIT_CONVERSION = YES;
				GCC_WARN_ABOUT_RETURN_TYPE = YES_ERROR;
				GCC_WARN_UNDECLARED_SELECTOR = YES;
				GCC_WARN_UNINITIALIZED_AUTOS = YES_AGGRESSIVE;
				GCC_WARN_UNUSED_FUNCTION = YES;
				GCC_WARN_UNUSED_VARIABLE = YES;
				IPHONEOS_DEPLOYMENT_TARGET = 10.0;
				MTL_ENABLE_DEBUG_INFO = YES;
				ONLY_ACTIVE_ARCH = YES;
				SDKROOT = iphoneos;
			};
			name = Debug;
		};
		8CC0100B1D9F2B1500BE487A /* Release */ = {
			isa = XCBuildConfiguration;
			buildSettings = {
				ALWAYS_SEARCH_USER_PATHS = NO;
				CLANG_ANALYZER_NONNULL = YES;
				CLANG_CXX_LANGUAGE_STANDARD = "gnu++0x";
				CLANG_CXX_LIBRARY = "libc++";
				CLANG_ENABLE_MODULES = YES;
				CLANG_ENABLE_OBJC_ARC = YES;
				CLANG_WARN_BOOL_CONVERSION = YES;
				CLANG_WARN_CONSTANT_CONVERSION = YES;
				CLANG_WARN_DIRECT_OBJC_ISA_USAGE = YES_ERROR;
				CLANG_WARN_DOCUMENTATION_COMMENTS = YES;
				CLANG_WARN_EMPTY_BODY = YES;
				CLANG_WARN_ENUM_CONVERSION = YES;
				CLANG_WARN_INFINITE_RECURSION = YES;
				CLANG_WARN_INT_CONVERSION = YES;
				CLANG_WARN_OBJC_ROOT_CLASS = YES_ERROR;
				CLANG_WARN_SUSPICIOUS_MOVES = YES;
				CLANG_WARN_UNREACHABLE_CODE = YES;
				CLANG_WARN__DUPLICATE_METHOD_MATCH = YES;
				"CODE_SIGN_IDENTITY[sdk=iphoneos*]" = "iPhone Developer";
				COPY_PHASE_STRIP = NO;
				DEBUG_INFORMATION_FORMAT = "dwarf-with-dsym";
				ENABLE_NS_ASSERTIONS = NO;
				ENABLE_STRICT_OBJC_MSGSEND = YES;
				GCC_C_LANGUAGE_STANDARD = gnu99;
				GCC_NO_COMMON_BLOCKS = YES;
				GCC_WARN_64_TO_32_BIT_CONVERSION = YES;
				GCC_WARN_ABOUT_RETURN_TYPE = YES_ERROR;
				GCC_WARN_UNDECLARED_SELECTOR = YES;
				GCC_WARN_UNINITIALIZED_AUTOS = YES_AGGRESSIVE;
				GCC_WARN_UNUSED_FUNCTION = YES;
				GCC_WARN_UNUSED_VARIABLE = YES;
				IPHONEOS_DEPLOYMENT_TARGET = 10.0;
				MTL_ENABLE_DEBUG_INFO = NO;
				SDKROOT = iphoneos;
				VALIDATE_PRODUCT = YES;
			};
			name = Release;
		};
		8CC0100D1D9F2B1500BE487A /* Debug */ = {
			isa = XCBuildConfiguration;
			baseConfigurationReference = 26801776E41C9C039E02478D /* Pods-DateApp.debug.xcconfig */;
			buildSettings = {
				ASSETCATALOG_COMPILER_APPICON_NAME = AppIcon;
				CODE_SIGN_ENTITLEMENTS = DateApp/DateApp.entitlements;
				CODE_SIGN_IDENTITY = "iPhone Developer";
				"CODE_SIGN_IDENTITY[sdk=iphoneos*]" = "iPhone Developer";
				DEBUG_INFORMATION_FORMAT = "dwarf-with-dsym";
				DEVELOPMENT_TEAM = KYUNTCYL2V;
				FRAMEWORK_SEARCH_PATHS = (
					"$(inherited)",
					"$(PROJECT_DIR)",
				);
				GCC_NO_COMMON_BLOCKS = NO;
				INFOPLIST_FILE = DateApp/Info.plist;
				IPHONEOS_DEPLOYMENT_TARGET = 11.1.2;
				LD_RUNPATH_SEARCH_PATHS = "$(inherited) @executable_path/Frameworks";
				PRODUCT_BUNDLE_IDENTIFIER = com.neil.DateApp;
				PRODUCT_NAME = "$(TARGET_NAME)";
				PROVISIONING_PROFILE_SPECIFIER = "";
				TARGETED_DEVICE_FAMILY = 1;
			};
			name = Debug;
		};
		8CC0100E1D9F2B1500BE487A /* Release */ = {
			isa = XCBuildConfiguration;
			baseConfigurationReference = 49D3692E1F2124EE979A39D8 /* Pods-DateApp.release.xcconfig */;
			buildSettings = {
				ASSETCATALOG_COMPILER_APPICON_NAME = AppIcon;
				CODE_SIGN_ENTITLEMENTS = DateApp/DateApp.entitlements;
				CODE_SIGN_IDENTITY = "iPhone Developer";
				"CODE_SIGN_IDENTITY[sdk=iphoneos*]" = "iPhone Developer";
				DEVELOPMENT_TEAM = KYUNTCYL2V;
				FRAMEWORK_SEARCH_PATHS = (
					"$(inherited)",
					"$(PROJECT_DIR)",
				);
				GCC_NO_COMMON_BLOCKS = NO;
				INFOPLIST_FILE = DateApp/Info.plist;
				IPHONEOS_DEPLOYMENT_TARGET = 11.1.2;
				LD_RUNPATH_SEARCH_PATHS = "$(inherited) @executable_path/Frameworks";
				PRODUCT_BUNDLE_IDENTIFIER = com.neil.DateApp;
				PRODUCT_NAME = "$(TARGET_NAME)";
				PROVISIONING_PROFILE_SPECIFIER = "";
				TARGETED_DEVICE_FAMILY = 1;
			};
			name = Release;
		};
		8CC010101D9F2B1500BE487A /* Debug */ = {
			isa = XCBuildConfiguration;
			baseConfigurationReference = 0FC74B8171A9722D22AA37A2 /* Pods-DateAppTests.debug.xcconfig */;
			buildSettings = {
				BUNDLE_LOADER = "$(TEST_HOST)";
				INFOPLIST_FILE = DateAppTests/Info.plist;
				LD_RUNPATH_SEARCH_PATHS = "$(inherited) @executable_path/Frameworks @loader_path/Frameworks";
				PRODUCT_BUNDLE_IDENTIFIER = com.neil.DateAppTests;
				PRODUCT_NAME = "$(TARGET_NAME)";
				TEST_HOST = "$(BUILT_PRODUCTS_DIR)/DateApp.app/DateApp";
			};
			name = Debug;
		};
		8CC010111D9F2B1500BE487A /* Release */ = {
			isa = XCBuildConfiguration;
			baseConfigurationReference = CC1F71CE17ADB8C0A2C32B38 /* Pods-DateAppTests.release.xcconfig */;
			buildSettings = {
				BUNDLE_LOADER = "$(TEST_HOST)";
				INFOPLIST_FILE = DateAppTests/Info.plist;
				LD_RUNPATH_SEARCH_PATHS = "$(inherited) @executable_path/Frameworks @loader_path/Frameworks";
				PRODUCT_BUNDLE_IDENTIFIER = com.neil.DateAppTests;
				PRODUCT_NAME = "$(TARGET_NAME)";
				TEST_HOST = "$(BUILT_PRODUCTS_DIR)/DateApp.app/DateApp";
			};
			name = Release;
		};
		8CC010131D9F2B1500BE487A /* Debug */ = {
			isa = XCBuildConfiguration;
			baseConfigurationReference = 0C400B4A7A4928C67125AFD3 /* Pods-DateAppUITests.debug.xcconfig */;
			buildSettings = {
				INFOPLIST_FILE = DateAppUITests/Info.plist;
				LD_RUNPATH_SEARCH_PATHS = "$(inherited) @executable_path/Frameworks @loader_path/Frameworks";
				PRODUCT_BUNDLE_IDENTIFIER = com.neil.DateAppUITests;
				PRODUCT_NAME = "$(TARGET_NAME)";
				TEST_TARGET_NAME = DateApp;
			};
			name = Debug;
		};
		8CC010141D9F2B1500BE487A /* Release */ = {
			isa = XCBuildConfiguration;
			baseConfigurationReference = 830DA662B3856B06FBEB2070 /* Pods-DateAppUITests.release.xcconfig */;
			buildSettings = {
				INFOPLIST_FILE = DateAppUITests/Info.plist;
				LD_RUNPATH_SEARCH_PATHS = "$(inherited) @executable_path/Frameworks @loader_path/Frameworks";
				PRODUCT_BUNDLE_IDENTIFIER = com.neil.DateAppUITests;
				PRODUCT_NAME = "$(TARGET_NAME)";
				TEST_TARGET_NAME = DateApp;
			};
			name = Release;
		};
/* End XCBuildConfiguration section */

/* Begin XCConfigurationList section */
		8CC00FDA1D9F2B1500BE487A /* Build configuration list for PBXProject "DateApp" */ = {
			isa = XCConfigurationList;
			buildConfigurations = (
				8CC0100A1D9F2B1500BE487A /* Debug */,
				8CC0100B1D9F2B1500BE487A /* Release */,
			);
			defaultConfigurationIsVisible = 0;
			defaultConfigurationName = Release;
		};
		8CC0100C1D9F2B1500BE487A /* Build configuration list for PBXNativeTarget "DateApp" */ = {
			isa = XCConfigurationList;
			buildConfigurations = (
				8CC0100D1D9F2B1500BE487A /* Debug */,
				8CC0100E1D9F2B1500BE487A /* Release */,
			);
			defaultConfigurationIsVisible = 0;
			defaultConfigurationName = Release;
		};
		8CC0100F1D9F2B1500BE487A /* Build configuration list for PBXNativeTarget "DateAppTests" */ = {
			isa = XCConfigurationList;
			buildConfigurations = (
				8CC010101D9F2B1500BE487A /* Debug */,
				8CC010111D9F2B1500BE487A /* Release */,
			);
			defaultConfigurationIsVisible = 0;
			defaultConfigurationName = Release;
		};
		8CC010121D9F2B1500BE487A /* Build configuration list for PBXNativeTarget "DateAppUITests" */ = {
			isa = XCConfigurationList;
			buildConfigurations = (
				8CC010131D9F2B1500BE487A /* Debug */,
				8CC010141D9F2B1500BE487A /* Release */,
			);
			defaultConfigurationIsVisible = 0;
			defaultConfigurationName = Release;
		};
/* End XCConfigurationList section */
	};
	rootObject = 8CC00FD71D9F2B1500BE487A /* Project object */;
}
